// !$*UTF8*$!
{
	archiveVersion = 1;
	classes = {
	};
	objectVersion = 50;
	objects = {

/* Begin PBXBuildFile section */
		BB7BD47623A9345500FE63BF /* AppDelegate.swift in Sources */ = {isa = PBXBuildFile; fileRef = BB7BD47523A9345500FE63BF /* AppDelegate.swift */; };
		BB7BD47823A9345500FE63BF /* SceneDelegate.swift in Sources */ = {isa = PBXBuildFile; fileRef = BB7BD47723A9345500FE63BF /* SceneDelegate.swift */; };
		BB7BD47B23A9345500FE63BF /* CodableDataStudy.xcdatamodeld in Sources */ = {isa = PBXBuildFile; fileRef = BB7BD47923A9345500FE63BF /* CodableDataStudy.xcdatamodeld */; };
		BB7BD47D23A9345500FE63BF /* ContentView.swift in Sources */ = {isa = PBXBuildFile; fileRef = BB7BD47C23A9345500FE63BF /* ContentView.swift */; };
		BB7BD47F23A9345800FE63BF /* Assets.xcassets in Resources */ = {isa = PBXBuildFile; fileRef = BB7BD47E23A9345800FE63BF /* Assets.xcassets */; };
		BB7BD48223A9345800FE63BF /* Preview Assets.xcassets in Resources */ = {isa = PBXBuildFile; fileRef = BB7BD48123A9345800FE63BF /* Preview Assets.xcassets */; };
		BB7BD48523A9345800FE63BF /* LaunchScreen.storyboard in Resources */ = {isa = PBXBuildFile; fileRef = BB7BD48323A9345800FE63BF /* LaunchScreen.storyboard */; };
		BB7BD49023A9345800FE63BF /* CodableDataStudyTests.swift in Sources */ = {isa = PBXBuildFile; fileRef = BB7BD48F23A9345800FE63BF /* CodableDataStudyTests.swift */; };
		BB7BD49B23A936EF00FE63BF /* UserModel.swift in Sources */ = {isa = PBXBuildFile; fileRef = BB7BD49A23A936EF00FE63BF /* UserModel.swift */; };
		BB7BD49D23A936F900FE63BF /* AddressModel.swift in Sources */ = {isa = PBXBuildFile; fileRef = BB7BD49C23A936F900FE63BF /* AddressModel.swift */; };
		BB7BD49F23A937EF00FE63BF /* DecodificarModel.swift in Sources */ = {isa = PBXBuildFile; fileRef = BB7BD49E23A937EF00FE63BF /* DecodificarModel.swift */; };
/* End PBXBuildFile section */

/* Begin PBXContainerItemProxy section */
		BB7BD48C23A9345800FE63BF /* PBXContainerItemProxy */ = {
			isa = PBXContainerItemProxy;
			containerPortal = BB7BD46A23A9345500FE63BF /* Project object */;
			proxyType = 1;
			remoteGlobalIDString = BB7BD47123A9345500FE63BF;
			remoteInfo = CodableDataStudy;
		};
/* End PBXContainerItemProxy section */

/* Begin PBXFileReference section */
		BB7BD47223A9345500FE63BF /* CodableDataStudy.app */ = {isa = PBXFileReference; explicitFileType = wrapper.application; includeInIndex = 0; path = CodableDataStudy.app; sourceTree = BUILT_PRODUCTS_DIR; };
		BB7BD47523A9345500FE63BF /* AppDelegate.swift */ = {isa = PBXFileReference; lastKnownFileType = sourcecode.swift; path = AppDelegate.swift; sourceTree = "<group>"; };
		BB7BD47723A9345500FE63BF /* SceneDelegate.swift */ = {isa = PBXFileReference; lastKnownFileType = sourcecode.swift; path = SceneDelegate.swift; sourceTree = "<group>"; };
		BB7BD47A23A9345500FE63BF /* CodableDataStudy.xcdatamodel */ = {isa = PBXFileReference; lastKnownFileType = wrapper.xcdatamodel; path = CodableDataStudy.xcdatamodel; sourceTree = "<group>"; };
		BB7BD47C23A9345500FE63BF /* ContentView.swift */ = {isa = PBXFileReference; lastKnownFileType = sourcecode.swift; path = ContentView.swift; sourceTree = "<group>"; };
		BB7BD47E23A9345800FE63BF /* Assets.xcassets */ = {isa = PBXFileReference; lastKnownFileType = folder.assetcatalog; path = Assets.xcassets; sourceTree = "<group>"; };
		BB7BD48123A9345800FE63BF /* Preview Assets.xcassets */ = {isa = PBXFileReference; lastKnownFileType = folder.assetcatalog; path = "Preview Assets.xcassets"; sourceTree = "<group>"; };
		BB7BD48423A9345800FE63BF /* Base */ = {isa = PBXFileReference; lastKnownFileType = file.storyboard; name = Base; path = Base.lproj/LaunchScreen.storyboard; sourceTree = "<group>"; };
		BB7BD48623A9345800FE63BF /* Info.plist */ = {isa = PBXFileReference; lastKnownFileType = text.plist.xml; path = Info.plist; sourceTree = "<group>"; };
		BB7BD48B23A9345800FE63BF /* CodableDataStudyTests.xctest */ = {isa = PBXFileReference; explicitFileType = wrapper.cfbundle; includeInIndex = 0; path = CodableDataStudyTests.xctest; sourceTree = BUILT_PRODUCTS_DIR; };
		BB7BD48F23A9345800FE63BF /* CodableDataStudyTests.swift */ = {isa = PBXFileReference; lastKnownFileType = sourcecode.swift; path = CodableDataStudyTests.swift; sourceTree = "<group>"; };
		BB7BD49123A9345800FE63BF /* Info.plist */ = {isa = PBXFileReference; lastKnownFileType = text.plist.xml; path = Info.plist; sourceTree = "<group>"; };
		BB7BD49A23A936EF00FE63BF /* UserModel.swift */ = {isa = PBXFileReference; lastKnownFileType = sourcecode.swift; path = UserModel.swift; sourceTree = "<group>"; };
		BB7BD49C23A936F900FE63BF /* AddressModel.swift */ = {isa = PBXFileReference; lastKnownFileType = sourcecode.swift; path = AddressModel.swift; sourceTree = "<group>"; };
		BB7BD49E23A937EF00FE63BF /* DecodificarModel.swift */ = {isa = PBXFileReference; lastKnownFileType = sourcecode.swift; path = DecodificarModel.swift; sourceTree = "<group>"; };
/* End PBXFileReference section */

/* Begin PBXFrameworksBuildPhase section */
		BB7BD46F23A9345500FE63BF /* Frameworks */ = {
			isa = PBXFrameworksBuildPhase;
			buildActionMask = 2147483647;
			files = (
			);
			runOnlyForDeploymentPostprocessing = 0;
		};
		BB7BD48823A9345800FE63BF /* Frameworks */ = {
			isa = PBXFrameworksBuildPhase;
			buildActionMask = 2147483647;
			files = (
			);
			runOnlyForDeploymentPostprocessing = 0;
		};
/* End PBXFrameworksBuildPhase section */

/* Begin PBXGroup section */
		BB7BD46923A9345500FE63BF = {
			isa = PBXGroup;
			children = (
				BB7BD47423A9345500FE63BF /* CodableDataStudy */,
				BB7BD48E23A9345800FE63BF /* CodableDataStudyTests */,
				BB7BD47323A9345500FE63BF /* Products */,
			);
			sourceTree = "<group>";
		};
		BB7BD47323A9345500FE63BF /* Products */ = {
			isa = PBXGroup;
			children = (
				BB7BD47223A9345500FE63BF /* CodableDataStudy.app */,
				BB7BD48B23A9345800FE63BF /* CodableDataStudyTests.xctest */,
			);
			name = Products;
			sourceTree = "<group>";
		};
		BB7BD47423A9345500FE63BF /* CodableDataStudy */ = {
			isa = PBXGroup;
			children = (
				BB7BD47523A9345500FE63BF /* AppDelegate.swift */,
				BB7BD47723A9345500FE63BF /* SceneDelegate.swift */,
				BB7BD47C23A9345500FE63BF /* ContentView.swift */,
				BB7BD47E23A9345800FE63BF /* Assets.xcassets */,
				BB7BD48323A9345800FE63BF /* LaunchScreen.storyboard */,
				BB7BD48623A9345800FE63BF /* Info.plist */,
				BB7BD47923A9345500FE63BF /* CodableDataStudy.xcdatamodeld */,
				BB7BD48023A9345800FE63BF /* Preview Content */,
				BB7BD49A23A936EF00FE63BF /* UserModel.swift */,
				BB7BD49C23A936F900FE63BF /* AddressModel.swift */,
				BB7BD49E23A937EF00FE63BF /* DecodificarModel.swift */,
			);
			path = CodableDataStudy;
			sourceTree = "<group>";
		};
		BB7BD48023A9345800FE63BF /* Preview Content */ = {
			isa = PBXGroup;
			children = (
				BB7BD48123A9345800FE63BF /* Preview Assets.xcassets */,
			);
			path = "Preview Content";
			sourceTree = "<group>";
		};
		BB7BD48E23A9345800FE63BF /* CodableDataStudyTests */ = {
			isa = PBXGroup;
			children = (
				BB7BD48F23A9345800FE63BF /* CodableDataStudyTests.swift */,
				BB7BD49123A9345800FE63BF /* Info.plist */,
			);
			path = CodableDataStudyTests;
			sourceTree = "<group>";
		};
/* End PBXGroup section */

/* Begin PBXNativeTarget section */
		BB7BD47123A9345500FE63BF /* CodableDataStudy */ = {
			isa = PBXNativeTarget;
			buildConfigurationList = BB7BD49423A9345800FE63BF /* Build configuration list for PBXNativeTarget "CodableDataStudy" */;
			buildPhases = (
				BB7BD46E23A9345500FE63BF /* Sources */,
				BB7BD46F23A9345500FE63BF /* Frameworks */,
				BB7BD47023A9345500FE63BF /* Resources */,
			);
			buildRules = (
			);
			dependencies = (
			);
			name = CodableDataStudy;
			productName = CodableDataStudy;
			productReference = BB7BD47223A9345500FE63BF /* CodableDataStudy.app */;
			productType = "com.apple.product-type.application";
		};
		BB7BD48A23A9345800FE63BF /* CodableDataStudyTests */ = {
			isa = PBXNativeTarget;
			buildConfigurationList = BB7BD49723A9345800FE63BF /* Build configuration list for PBXNativeTarget "CodableDataStudyTests" */;
			buildPhases = (
				BB7BD48723A9345800FE63BF /* Sources */,
				BB7BD48823A9345800FE63BF /* Frameworks */,
				BB7BD48923A9345800FE63BF /* Resources */,
			);
			buildRules = (
			);
			dependencies = (
				BB7BD48D23A9345800FE63BF /* PBXTargetDependency */,
			);
			name = CodableDataStudyTests;
			productName = CodableDataStudyTests;
			productReference = BB7BD48B23A9345800FE63BF /* CodableDataStudyTests.xctest */;
			productType = "com.apple.product-type.bundle.unit-test";
		};
/* End PBXNativeTarget section */

/* Begin PBXProject section */
		BB7BD46A23A9345500FE63BF /* Project object */ = {
			isa = PBXProject;
			attributes = {
				LastSwiftUpdateCheck = 1120;
				LastUpgradeCheck = 1120;
				ORGANIZATIONNAME = "Raphael Barbosa";
				TargetAttributes = {
					BB7BD47123A9345500FE63BF = {
						CreatedOnToolsVersion = 11.2.1;
					};
					BB7BD48A23A9345800FE63BF = {
						CreatedOnToolsVersion = 11.2.1;
						TestTargetID = BB7BD47123A9345500FE63BF;
					};
				};
			};
			buildConfigurationList = BB7BD46D23A9345500FE63BF /* Build configuration list for PBXProject "CodableDataStudy" */;
			compatibilityVersion = "Xcode 9.3";
			developmentRegion = en;
			hasScannedForEncodings = 0;
			knownRegions = (
				en,
				Base,
			);
			mainGroup = BB7BD46923A9345500FE63BF;
			productRefGroup = BB7BD47323A9345500FE63BF /* Products */;
			projectDirPath = "";
			projectRoot = "";
			targets = (
				BB7BD47123A9345500FE63BF /* CodableDataStudy */,
				BB7BD48A23A9345800FE63BF /* CodableDataStudyTests */,
			);
		};
/* End PBXProject section */

/* Begin PBXResourcesBuildPhase section */
		BB7BD47023A9345500FE63BF /* Resources */ = {
			isa = PBXResourcesBuildPhase;
			buildActionMask = 2147483647;
			files = (
				BB7BD48523A9345800FE63BF /* LaunchScreen.storyboard in Resources */,
				BB7BD48223A9345800FE63BF /* Preview Assets.xcassets in Resources */,
				BB7BD47F23A9345800FE63BF /* Assets.xcassets in Resources */,
			);
			runOnlyForDeploymentPostprocessing = 0;
		};
		BB7BD48923A9345800FE63BF /* Resources */ = {
			isa = PBXResourcesBuildPhase;
			buildActionMask = 2147483647;
			files = (
			);
			runOnlyForDeploymentPostprocessing = 0;
		};
/* End PBXResourcesBuildPhase section */

/* Begin PBXSourcesBuildPhase section */
		BB7BD46E23A9345500FE63BF /* Sources */ = {
			isa = PBXSourcesBuildPhase;
			buildActionMask = 2147483647;
			files = (
				BB7BD47623A9345500FE63BF /* AppDelegate.swift in Sources */,
				BB7BD47823A9345500FE63BF /* SceneDelegate.swift in Sources */,
				BB7BD49D23A936F900FE63BF /* AddressModel.swift in Sources */,
				BB7BD47D23A9345500FE63BF /* ContentView.swift in Sources */,
				BB7BD49B23A936EF00FE63BF /* UserModel.swift in Sources */,
				BB7BD47B23A9345500FE63BF /* CodableDataStudy.xcdatamodeld in Sources */,
				BB7BD49F23A937EF00FE63BF /* DecodificarModel.swift in Sources */,
			);
			runOnlyForDeploymentPostprocessing = 0;
		};
		BB7BD48723A9345800FE63BF /* Sources */ = {
			isa = PBXSourcesBuildPhase;
			buildActionMask = 2147483647;
			files = (
				BB7BD49023A9345800FE63BF /* CodableDataStudyTests.swift in Sources */,
			);
			runOnlyForDeploymentPostprocessing = 0;
		};
/* End PBXSourcesBuildPhase section */

/* Begin PBXTargetDependency section */
		BB7BD48D23A9345800FE63BF /* PBXTargetDependency */ = {
			isa = PBXTargetDependency;
			target = BB7BD47123A9345500FE63BF /* CodableDataStudy */;
			targetProxy = BB7BD48C23A9345800FE63BF /* PBXContainerItemProxy */;
		};
/* End PBXTargetDependency section */

/* Begin PBXVariantGroup section */
		BB7BD48323A9345800FE63BF /* LaunchScreen.storyboard */ = {
			isa = PBXVariantGroup;
			children = (
				BB7BD48423A9345800FE63BF /* Base */,
			);
			name = LaunchScreen.storyboard;
			sourceTree = "<group>";
		};
/* End PBXVariantGroup section */

/* Begin XCBuildConfiguration section */
		BB7BD49223A9345800FE63BF /* Debug */ = {
			isa = XCBuildConfiguration;
			buildSettings = {
				ALWAYS_SEARCH_USER_PATHS = NO;
				CLANG_ANALYZER_NONNULL = YES;
				CLANG_ANALYZER_NUMBER_OBJECT_CONVERSION = YES_AGGRESSIVE;
				CLANG_CXX_LANGUAGE_STANDARD = "gnu++14";
				CLANG_CXX_LIBRARY = "libc++";
				CLANG_ENABLE_MODULES = YES;
				CLANG_ENABLE_OBJC_ARC = YES;
				CLANG_ENABLE_OBJC_WEAK = YES;
				CLANG_WARN_BLOCK_CAPTURE_AUTORELEASING = YES;
				CLANG_WARN_BOOL_CONVERSION = YES;
				CLANG_WARN_COMMA = YES;
				CLANG_WARN_CONSTANT_CONVERSION = YES;
				CLANG_WARN_DEPRECATED_OBJC_IMPLEMENTATIONS = YES;
				CLANG_WARN_DIRECT_OBJC_ISA_USAGE = YES_ERROR;
				CLANG_WARN_DOCUMENTATION_COMMENTS = YES;
				CLANG_WARN_EMPTY_BODY = YES;
				CLANG_WARN_ENUM_CONVERSION = YES;
				CLANG_WARN_INFINITE_RECURSION = YES;
				CLANG_WARN_INT_CONVERSION = YES;
				CLANG_WARN_NON_LITERAL_NULL_CONVERSION = YES;
				CLANG_WARN_OBJC_IMPLICIT_RETAIN_SELF = YES;
				CLANG_WARN_OBJC_LITERAL_CONVERSION = YES;
				CLANG_WARN_OBJC_ROOT_CLASS = YES_ERROR;
				CLANG_WARN_RANGE_LOOP_ANALYSIS = YES;
				CLANG_WARN_STRICT_PROTOTYPES = YES;
				CLANG_WARN_SUSPICIOUS_MOVE = YES;
				CLANG_WARN_UNGUARDED_AVAILABILITY = YES_AGGRESSIVE;
				CLANG_WARN_UNREACHABLE_CODE = YES;
				CLANG_WARN__DUPLICATE_METHOD_MATCH = YES;
				COPY_PHASE_STRIP = NO;
				DEBUG_INFORMATION_FORMAT = dwarf;
				ENABLE_STRICT_OBJC_MSGSEND = YES;
				ENABLE_TESTABILITY = YES;
				GCC_C_LANGUAGE_STANDARD = gnu11;
				GCC_DYNAMIC_NO_PIC = NO;
				GCC_NO_COMMON_BLOCKS = YES;
				GCC_OPTIMIZATION_LEVEL = 0;
				GCC_PREPROCESSOR_DEFINITIONS = (
					"DEBUG=1",
					"$(inherited)",
				);
				GCC_WARN_64_TO_32_BIT_CONVERSION = YES;
				GCC_WARN_ABOUT_RETURN_TYPE = YES_ERROR;
				GCC_WARN_UNDECLARED_SELECTOR = YES;
				GCC_WARN_UNINITIALIZED_AUTOS = YES_AGGRESSIVE;
				GCC_WARN_UNUSED_FUNCTION = YES;
				GCC_WARN_UNUSED_VARIABLE = YES;
				IPHONEOS_DEPLOYMENT_TARGET = 13.2;
				MTL_ENABLE_DEBUG_INFO = INCLUDE_SOURCE;
				MTL_FAST_MATH = YES;
				ONLY_ACTIVE_ARCH = YES;
				SDKROOT = iphoneos;
				SWIFT_ACTIVE_COMPILATION_CONDITIONS = DEBUG;
				SWIFT_OPTIMIZATION_LEVEL = "-Onone";
			};
			name = Debug;
		};
		BB7BD49323A9345800FE63BF /* Release */ = {
			isa = XCBuildConfiguration;
			buildSettings = {
				ALWAYS_SEARCH_USER_PATHS = NO;
				CLANG_ANALYZER_NONNULL = YES;
				CLANG_ANALYZER_NUMBER_OBJECT_CONVERSION = YES_AGGRESSIVE;
				CLANG_CXX_LANGUAGE_STANDARD = "gnu++14";
				CLANG_CXX_LIBRARY = "libc++";
				CLANG_ENABLE_MODULES = YES;
				CLANG_ENABLE_OBJC_ARC = YES;
				CLANG_ENABLE_OBJC_WEAK = YES;
				CLANG_WARN_BLOCK_CAPTURE_AUTORELEASING = YES;
				CLANG_WARN_BOOL_CONVERSION = YES;
				CLANG_WARN_COMMA = YES;
				CLANG_WARN_CONSTANT_CONVERSION = YES;
				CLANG_WARN_DEPRECATED_OBJC_IMPLEMENTATIONS = YES;
				CLANG_WARN_DIRECT_OBJC_ISA_USAGE = YES_ERROR;
				CLANG_WARN_DOCUMENTATION_COMMENTS = YES;
				CLANG_WARN_EMPTY_BODY = YES;
				CLANG_WARN_ENUM_CONVERSION = YES;
				CLANG_WARN_INFINITE_RECURSION = YES;
				CLANG_WARN_INT_CONVERSION = YES;
				CLANG_WARN_NON_LITERAL_NULL_CONVERSION = YES;
				CLANG_WARN_OBJC_IMPLICIT_RETAIN_SELF = YES;
				CLANG_WARN_OBJC_LITERAL_CONVERSION = YES;
				CLANG_WARN_OBJC_ROOT_CLASS = YES_ERROR;
				CLANG_WARN_RANGE_LOOP_ANALYSIS = YES;
				CLANG_WARN_STRICT_PROTOTYPES = YES;
				CLANG_WARN_SUSPICIOUS_MOVE = YES;
				CLANG_WARN_UNGUARDED_AVAILABILITY = YES_AGGRESSIVE;
				CLANG_WARN_UNREACHABLE_CODE = YES;
				CLANG_WARN__DUPLICATE_METHOD_MATCH = YES;
				COPY_PHASE_STRIP = NO;
				DEBUG_INFORMATION_FORMAT = "dwarf-with-dsym";
				ENABLE_NS_ASSERTIONS = NO;
				ENABLE_STRICT_OBJC_MSGSEND = YES;
				GCC_C_LANGUAGE_STANDARD = gnu11;
				GCC_NO_COMMON_BLOCKS = YES;
				GCC_WARN_64_TO_32_BIT_CONVERSION = YES;
				GCC_WARN_ABOUT_RETURN_TYPE = YES_ERROR;
				GCC_WARN_UNDECLARED_SELECTOR = YES;
				GCC_WARN_UNINITIALIZED_AUTOS = YES_AGGRESSIVE;
				GCC_WARN_UNUSED_FUNCTION = YES;
				GCC_WARN_UNUSED_VARIABLE = YES;
				IPHONEOS_DEPLOYMENT_TARGET = 13.2;
				MTL_ENABLE_DEBUG_INFO = NO;
				MTL_FAST_MATH = YES;
				SDKROOT = iphoneos;
				SWIFT_COMPILATION_MODE = wholemodule;
				SWIFT_OPTIMIZATION_LEVEL = "-O";
				VALIDATE_PRODUCT = YES;
			};
			name = Release;
		};
		BB7BD49523A9345800FE63BF /* Debug */ = {
			isa = XCBuildConfiguration;
			buildSettings = {
				ASSETCATALOG_COMPILER_APPICON_NAME = AppIcon;
				CODE_SIGN_STYLE = Automatic;
				DEVELOPMENT_ASSET_PATHS = "\"CodableDataStudy/Preview Content\"";
				ENABLE_PREVIEWS = YES;
				INFOPLIST_FILE = CodableDataStudy/Info.plist;
				LD_RUNPATH_SEARCH_PATHS = (
					"$(inherited)",
					"@executable_path/Frameworks",
				);
				PRODUCT_BUNDLE_IDENTIFIER = br.com.raphaelbarbosaqwerty.CodableDataStudy;
				PRODUCT_NAME = "$(TARGET_NAME)";
				SWIFT_VERSION = 5.0;
				TARGETED_DEVICE_FAMILY = "1,2";
			};
			name = Debug;
		};
		BB7BD49623A9345800FE63BF /* Release */ = {
			isa = XCBuildConfiguration;
			buildSettings = {
				ASSETCATALOG_COMPILER_APPICON_NAME = AppIcon;
				CODE_SIGN_STYLE = Automatic;
				DEVELOPMENT_ASSET_PATHS = "\"CodableDataStudy/Preview Content\"";
				ENABLE_PREVIEWS = YES;
				INFOPLIST_FILE = CodableDataStudy/Info.plist;
				LD_RUNPATH_SEARCH_PATHS = (
					"$(inherited)",
					"@executable_path/Frameworks",
				);
				PRODUCT_BUNDLE_IDENTIFIER = br.com.raphaelbarbosaqwerty.CodableDataStudy;
				PRODUCT_NAME = "$(TARGET_NAME)";
				SWIFT_VERSION = 5.0;
				TARGETED_DEVICE_FAMILY = "1,2";
			};
			name = Release;
		};
		BB7BD49823A9345800FE63BF /* Debug */ = {
			isa = XCBuildConfiguration;
			buildSettings = {
				ALWAYS_EMBED_SWIFT_STANDARD_LIBRARIES = YES;
				BUNDLE_LOADER = "$(TEST_HOST)";
				CODE_SIGN_STYLE = Automatic;
				INFOPLIST_FILE = CodableDataStudyTests/Info.plist;
				IPHONEOS_DEPLOYMENT_TARGET = 13.2;
				LD_RUNPATH_SEARCH_PATHS = (
					"$(inherited)",
					"@executable_path/Frameworks",
					"@loader_path/Frameworks",
				);
				PRODUCT_BUNDLE_IDENTIFIER = br.com.raphaelbarbosaqwerty.CodableDataStudyTests;
				PRODUCT_NAME = "$(TARGET_NAME)";
				SWIFT_VERSION = 5.0;
				TARGETED_DEVICE_FAMILY = "1,2";
				TEST_HOST = "$(BUILT_PRODUCTS_DIR)/CodableDataStudy.app/CodableDataStudy";
			};
			name = Debug;
		};
		BB7BD49923A9345800FE63BF /* Release */ = {
			isa = XCBuildConfiguration;
			buildSettings = {
				ALWAYS_EMBED_SWIFT_STANDARD_LIBRARIES = YES;
				BUNDLE_LOADER = "$(TEST_HOST)";
				CODE_SIGN_STYLE = Automatic;
				INFOPLIST_FILE = CodableDataStudyTests/Info.plist;
				IPHONEOS_DEPLOYMENT_TARGET = 13.2;
				LD_RUNPATH_SEARCH_PATHS = (
					"$(inherited)",
					"@executable_path/Frameworks",
					"@loader_path/Frameworks",
				);
				PRODUCT_BUNDLE_IDENTIFIER = br.com.raphaelbarbosaqwerty.CodableDataStudyTests;
				PRODUCT_NAME = "$(TARGET_NAME)";
				SWIFT_VERSION = 5.0;
				TARGETED_DEVICE_FAMILY = "1,2";
				TEST_HOST = "$(BUILT_PRODUCTS_DIR)/CodableDataStudy.app/CodableDataStudy";
			};
			name = Release;
		};
/* End XCBuildConfiguration section */

/* Begin XCConfigurationList section */
		BB7BD46D23A9345500FE63BF /* Build configuration list for PBXProject "CodableDataStudy" */ = {
			isa = XCConfigurationList;
			buildConfigurations = (
				BB7BD49223A9345800FE63BF /* Debug */,
				BB7BD49323A9345800FE63BF /* Release */,
			);
			defaultConfigurationIsVisible = 0;
			defaultConfigurationName = Release;
		};
		BB7BD49423A9345800FE63BF /* Build configuration list for PBXNativeTarget "CodableDataStudy" */ = {
			isa = XCConfigurationList;
			buildConfigurations = (
				BB7BD49523A9345800FE63BF /* Debug */,
				BB7BD49623A9345800FE63BF /* Release */,
			);
			defaultConfigurationIsVisible = 0;
			defaultConfigurationName = Release;
		};
		BB7BD49723A9345800FE63BF /* Build configuration list for PBXNativeTarget "CodableDataStudyTests" */ = {
			isa = XCConfigurationList;
			buildConfigurations = (
				BB7BD49823A9345800FE63BF /* Debug */,
				BB7BD49923A9345800FE63BF /* Release */,
			);
			defaultConfigurationIsVisible = 0;
			defaultConfigurationName = Release;
		};
/* End XCConfigurationList section */

/* Begin XCVersionGroup section */
		BB7BD47923A9345500FE63BF /* CodableDataStudy.xcdatamodeld */ = {
			isa = XCVersionGroup;
			children = (
				BB7BD47A23A9345500FE63BF /* CodableDataStudy.xcdatamodel */,
			);
			currentVersion = BB7BD47A23A9345500FE63BF /* CodableDataStudy.xcdatamodel */;
			path = CodableDataStudy.xcdatamodeld;
			sourceTree = "<group>";
			versionGroupType = wrapper.xcdatamodel;
		};
/* End XCVersionGroup section */
	};
	rootObject = BB7BD46A23A9345500FE63BF /* Project object */;
}
