// !$*UTF8*$!
{
	archiveVersion = 1;
	classes = {
	};
	objectVersion = 50;
	objects = {

/* Begin PBXBuildFile section */
		BB7BD36D23A8086900FE63BF /* AppDelegate.swift in Sources */ = {isa = PBXBuildFile; fileRef = BB7BD36C23A8086900FE63BF /* AppDelegate.swift */; };
		BB7BD36F23A8086900FE63BF /* SceneDelegate.swift in Sources */ = {isa = PBXBuildFile; fileRef = BB7BD36E23A8086900FE63BF /* SceneDelegate.swift */; };
		BB7BD37223A8086900FE63BF /* CoredataDeepStudy.xcdatamodeld in Sources */ = {isa = PBXBuildFile; fileRef = BB7BD37023A8086900FE63BF /* CoredataDeepStudy.xcdatamodeld */; };
		BB7BD37423A8086900FE63BF /* ContentView.swift in Sources */ = {isa = PBXBuildFile; fileRef = BB7BD37323A8086900FE63BF /* ContentView.swift */; };
		BB7BD37623A8086B00FE63BF /* Assets.xcassets in Resources */ = {isa = PBXBuildFile; fileRef = BB7BD37523A8086B00FE63BF /* Assets.xcassets */; };
		BB7BD37923A8086B00FE63BF /* Preview Assets.xcassets in Resources */ = {isa = PBXBuildFile; fileRef = BB7BD37823A8086B00FE63BF /* Preview Assets.xcassets */; };
		BB7BD37C23A8086B00FE63BF /* LaunchScreen.storyboard in Resources */ = {isa = PBXBuildFile; fileRef = BB7BD37A23A8086B00FE63BF /* LaunchScreen.storyboard */; };
		BB7BD38723A8086B00FE63BF /* CoredataDeepStudyTests.swift in Sources */ = {isa = PBXBuildFile; fileRef = BB7BD38623A8086B00FE63BF /* CoredataDeepStudyTests.swift */; };
		BB7BD39323A8089800FE63BF /* Movie+CoreDataClass.swift in Sources */ = {isa = PBXBuildFile; fileRef = BB7BD39123A8089800FE63BF /* Movie+CoreDataClass.swift */; };
		BB7BD39423A8089800FE63BF /* Movie+CoreDataProperties.swift in Sources */ = {isa = PBXBuildFile; fileRef = BB7BD39223A8089800FE63BF /* Movie+CoreDataProperties.swift */; };
/* End PBXBuildFile section */

/* Begin PBXContainerItemProxy section */
		BB7BD38323A8086B00FE63BF /* PBXContainerItemProxy */ = {
			isa = PBXContainerItemProxy;
			containerPortal = BB7BD36123A8086900FE63BF /* Project object */;
			proxyType = 1;
			remoteGlobalIDString = BB7BD36823A8086900FE63BF;
			remoteInfo = CoredataDeepStudy;
		};
/* End PBXContainerItemProxy section */

/* Begin PBXFileReference section */
		BB7BD36923A8086900FE63BF /* CoredataDeepStudy.app */ = {isa = PBXFileReference; explicitFileType = wrapper.application; includeInIndex = 0; path = CoredataDeepStudy.app; sourceTree = BUILT_PRODUCTS_DIR; };
		BB7BD36C23A8086900FE63BF /* AppDelegate.swift */ = {isa = PBXFileReference; lastKnownFileType = sourcecode.swift; path = AppDelegate.swift; sourceTree = "<group>"; };
		BB7BD36E23A8086900FE63BF /* SceneDelegate.swift */ = {isa = PBXFileReference; lastKnownFileType = sourcecode.swift; path = SceneDelegate.swift; sourceTree = "<group>"; };
		BB7BD37123A8086900FE63BF /* CoredataDeepStudy.xcdatamodel */ = {isa = PBXFileReference; lastKnownFileType = wrapper.xcdatamodel; path = CoredataDeepStudy.xcdatamodel; sourceTree = "<group>"; };
		BB7BD37323A8086900FE63BF /* ContentView.swift */ = {isa = PBXFileReference; lastKnownFileType = sourcecode.swift; path = ContentView.swift; sourceTree = "<group>"; };
		BB7BD37523A8086B00FE63BF /* Assets.xcassets */ = {isa = PBXFileReference; lastKnownFileType = folder.assetcatalog; path = Assets.xcassets; sourceTree = "<group>"; };
		BB7BD37823A8086B00FE63BF /* Preview Assets.xcassets */ = {isa = PBXFileReference; lastKnownFileType = folder.assetcatalog; path = "Preview Assets.xcassets"; sourceTree = "<group>"; };
		BB7BD37B23A8086B00FE63BF /* Base */ = {isa = PBXFileReference; lastKnownFileType = file.storyboard; name = Base; path = Base.lproj/LaunchScreen.storyboard; sourceTree = "<group>"; };
		BB7BD37D23A8086B00FE63BF /* Info.plist */ = {isa = PBXFileReference; lastKnownFileType = text.plist.xml; path = Info.plist; sourceTree = "<group>"; };
		BB7BD38223A8086B00FE63BF /* CoredataDeepStudyTests.xctest */ = {isa = PBXFileReference; explicitFileType = wrapper.cfbundle; includeInIndex = 0; path = CoredataDeepStudyTests.xctest; sourceTree = BUILT_PRODUCTS_DIR; };
		BB7BD38623A8086B00FE63BF /* CoredataDeepStudyTests.swift */ = {isa = PBXFileReference; lastKnownFileType = sourcecode.swift; path = CoredataDeepStudyTests.swift; sourceTree = "<group>"; };
		BB7BD38823A8086B00FE63BF /* Info.plist */ = {isa = PBXFileReference; lastKnownFileType = text.plist.xml; path = Info.plist; sourceTree = "<group>"; };
		BB7BD39123A8089800FE63BF /* Movie+CoreDataClass.swift */ = {isa = PBXFileReference; lastKnownFileType = sourcecode.swift; path = "Movie+CoreDataClass.swift"; sourceTree = "<group>"; };
		BB7BD39223A8089800FE63BF /* Movie+CoreDataProperties.swift */ = {isa = PBXFileReference; lastKnownFileType = sourcecode.swift; path = "Movie+CoreDataProperties.swift"; sourceTree = "<group>"; };
/* End PBXFileReference section */

/* Begin PBXFrameworksBuildPhase section */
		BB7BD36623A8086900FE63BF /* Frameworks */ = {
			isa = PBXFrameworksBuildPhase;
			buildActionMask = 2147483647;
			files = (
			);
			runOnlyForDeploymentPostprocessing = 0;
		};
		BB7BD37F23A8086B00FE63BF /* Frameworks */ = {
			isa = PBXFrameworksBuildPhase;
			buildActionMask = 2147483647;
			files = (
			);
			runOnlyForDeploymentPostprocessing = 0;
		};
/* End PBXFrameworksBuildPhase section */

/* Begin PBXGroup section */
		BB7BD36023A8086900FE63BF = {
			isa = PBXGroup;
			children = (
				BB7BD36B23A8086900FE63BF /* CoredataDeepStudy */,
				BB7BD38523A8086B00FE63BF /* CoredataDeepStudyTests */,
				BB7BD36A23A8086900FE63BF /* Products */,
			);
			sourceTree = "<group>";
		};
		BB7BD36A23A8086900FE63BF /* Products */ = {
			isa = PBXGroup;
			children = (
				BB7BD36923A8086900FE63BF /* CoredataDeepStudy.app */,
				BB7BD38223A8086B00FE63BF /* CoredataDeepStudyTests.xctest */,
			);
			name = Products;
			sourceTree = "<group>";
		};
		BB7BD36B23A8086900FE63BF /* CoredataDeepStudy */ = {
			isa = PBXGroup;
			children = (
				BB7BD39123A8089800FE63BF /* Movie+CoreDataClass.swift */,
				BB7BD39223A8089800FE63BF /* Movie+CoreDataProperties.swift */,
				BB7BD36C23A8086900FE63BF /* AppDelegate.swift */,
				BB7BD36E23A8086900FE63BF /* SceneDelegate.swift */,
				BB7BD37323A8086900FE63BF /* ContentView.swift */,
				BB7BD37523A8086B00FE63BF /* Assets.xcassets */,
				BB7BD37A23A8086B00FE63BF /* LaunchScreen.storyboard */,
				BB7BD37D23A8086B00FE63BF /* Info.plist */,
				BB7BD37023A8086900FE63BF /* CoredataDeepStudy.xcdatamodeld */,
				BB7BD37723A8086B00FE63BF /* Preview Content */,
			);
			path = CoredataDeepStudy;
			sourceTree = "<group>";
		};
		BB7BD37723A8086B00FE63BF /* Preview Content */ = {
			isa = PBXGroup;
			children = (
				BB7BD37823A8086B00FE63BF /* Preview Assets.xcassets */,
			);
			path = "Preview Content";
			sourceTree = "<group>";
		};
		BB7BD38523A8086B00FE63BF /* CoredataDeepStudyTests */ = {
			isa = PBXGroup;
			children = (
				BB7BD38623A8086B00FE63BF /* CoredataDeepStudyTests.swift */,
				BB7BD38823A8086B00FE63BF /* Info.plist */,
			);
			path = CoredataDeepStudyTests;
			sourceTree = "<group>";
		};
/* End PBXGroup section */

/* Begin PBXNativeTarget section */
		BB7BD36823A8086900FE63BF /* CoredataDeepStudy */ = {
			isa = PBXNativeTarget;
			buildConfigurationList = BB7BD38B23A8086B00FE63BF /* Build configuration list for PBXNativeTarget "CoredataDeepStudy" */;
			buildPhases = (
				BB7BD36523A8086900FE63BF /* Sources */,
				BB7BD36623A8086900FE63BF /* Frameworks */,
				BB7BD36723A8086900FE63BF /* Resources */,
			);
			buildRules = (
			);
			dependencies = (
			);
			name = CoredataDeepStudy;
			productName = CoredataDeepStudy;
			productReference = BB7BD36923A8086900FE63BF /* CoredataDeepStudy.app */;
			productType = "com.apple.product-type.application";
		};
		BB7BD38123A8086B00FE63BF /* CoredataDeepStudyTests */ = {
			isa = PBXNativeTarget;
			buildConfigurationList = BB7BD38E23A8086B00FE63BF /* Build configuration list for PBXNativeTarget "CoredataDeepStudyTests" */;
			buildPhases = (
				BB7BD37E23A8086B00FE63BF /* Sources */,
				BB7BD37F23A8086B00FE63BF /* Frameworks */,
				BB7BD38023A8086B00FE63BF /* Resources */,
			);
			buildRules = (
			);
			dependencies = (
				BB7BD38423A8086B00FE63BF /* PBXTargetDependency */,
			);
			name = CoredataDeepStudyTests;
			productName = CoredataDeepStudyTests;
			productReference = BB7BD38223A8086B00FE63BF /* CoredataDeepStudyTests.xctest */;
			productType = "com.apple.product-type.bundle.unit-test";
		};
/* End PBXNativeTarget section */

/* Begin PBXProject section */
		BB7BD36123A8086900FE63BF /* Project object */ = {
			isa = PBXProject;
			attributes = {
				LastSwiftUpdateCheck = 1120;
				LastUpgradeCheck = 1120;
				ORGANIZATIONNAME = "Raphael Barbosa";
				TargetAttributes = {
					BB7BD36823A8086900FE63BF = {
						CreatedOnToolsVersion = 11.2.1;
					};
					BB7BD38123A8086B00FE63BF = {
						CreatedOnToolsVersion = 11.2.1;
						TestTargetID = BB7BD36823A8086900FE63BF;
					};
				};
			};
			buildConfigurationList = BB7BD36423A8086900FE63BF /* Build configuration list for PBXProject "CoredataDeepStudy" */;
			compatibilityVersion = "Xcode 9.3";
			developmentRegion = en;
			hasScannedForEncodings = 0;
			knownRegions = (
				en,
				Base,
			);
			mainGroup = BB7BD36023A8086900FE63BF;
			productRefGroup = BB7BD36A23A8086900FE63BF /* Products */;
			projectDirPath = "";
			projectRoot = "";
			targets = (
				BB7BD36823A8086900FE63BF /* CoredataDeepStudy */,
				BB7BD38123A8086B00FE63BF /* CoredataDeepStudyTests */,
			);
		};
/* End PBXProject section */

/* Begin PBXResourcesBuildPhase section */
		BB7BD36723A8086900FE63BF /* Resources */ = {
			isa = PBXResourcesBuildPhase;
			buildActionMask = 2147483647;
			files = (
				BB7BD37C23A8086B00FE63BF /* LaunchScreen.storyboard in Resources */,
				BB7BD37923A8086B00FE63BF /* Preview Assets.xcassets in Resources */,
				BB7BD37623A8086B00FE63BF /* Assets.xcassets in Resources */,
			);
			runOnlyForDeploymentPostprocessing = 0;
		};
		BB7BD38023A8086B00FE63BF /* Resources */ = {
			isa = PBXResourcesBuildPhase;
			buildActionMask = 2147483647;
			files = (
			);
			runOnlyForDeploymentPostprocessing = 0;
		};
/* End PBXResourcesBuildPhase section */

/* Begin PBXSourcesBuildPhase section */
		BB7BD36523A8086900FE63BF /* Sources */ = {
			isa = PBXSourcesBuildPhase;
			buildActionMask = 2147483647;
			files = (
				BB7BD37223A8086900FE63BF /* CoredataDeepStudy.xcdatamodeld in Sources */,
				BB7BD36D23A8086900FE63BF /* AppDelegate.swift in Sources */,
				BB7BD37423A8086900FE63BF /* ContentView.swift in Sources */,
				BB7BD39323A8089800FE63BF /* Movie+CoreDataClass.swift in Sources */,
				BB7BD39423A8089800FE63BF /* Movie+CoreDataProperties.swift in Sources */,
				BB7BD36F23A8086900FE63BF /* SceneDelegate.swift in Sources */,
			);
			runOnlyForDeploymentPostprocessing = 0;
		};
		BB7BD37E23A8086B00FE63BF /* Sources */ = {
			isa = PBXSourcesBuildPhase;
			buildActionMask = 2147483647;
			files = (
				BB7BD38723A8086B00FE63BF /* CoredataDeepStudyTests.swift in Sources */,
			);
			runOnlyForDeploymentPostprocessing = 0;
		};
/* End PBXSourcesBuildPhase section */

/* Begin PBXTargetDependency section */
		BB7BD38423A8086B00FE63BF /* PBXTargetDependency */ = {
			isa = PBXTargetDependency;
			target = BB7BD36823A8086900FE63BF /* CoredataDeepStudy */;
			targetProxy = BB7BD38323A8086B00FE63BF /* PBXContainerItemProxy */;
		};
/* End PBXTargetDependency section */

/* Begin PBXVariantGroup section */
		BB7BD37A23A8086B00FE63BF /* LaunchScreen.storyboard */ = {
			isa = PBXVariantGroup;
			children = (
				BB7BD37B23A8086B00FE63BF /* Base */,
			);
			name = LaunchScreen.storyboard;
			sourceTree = "<group>";
		};
/* End PBXVariantGroup section */

/* Begin XCBuildConfiguration section */
		BB7BD38923A8086B00FE63BF /* Debug */ = {
			isa = XCBuildConfiguration;
			buildSettings = {
				ALWAYS_SEARCH_USER_PATHS = NO;
				CLANG_ANALYZER_NONNULL = YES;
				CLANG_ANALYZER_NUMBER_OBJECT_CONVERSION = YES_AGGRESSIVE;
				CLANG_CXX_LANGUAGE_STANDARD = "gnu++14";
				CLANG_CXX_LIBRARY = "libc++";
				CLANG_ENABLE_MODULES = YES;
				CLANG_ENABLE_OBJC_ARC = YES;
				CLANG_ENABLE_OBJC_WEAK = YES;
				CLANG_WARN_BLOCK_CAPTURE_AUTORELEASING = YES;
				CLANG_WARN_BOOL_CONVERSION = YES;
				CLANG_WARN_COMMA = YES;
				CLANG_WARN_CONSTANT_CONVERSION = YES;
				CLANG_WARN_DEPRECATED_OBJC_IMPLEMENTATIONS = YES;
				CLANG_WARN_DIRECT_OBJC_ISA_USAGE = YES_ERROR;
				CLANG_WARN_DOCUMENTATION_COMMENTS = YES;
				CLANG_WARN_EMPTY_BODY = YES;
				CLANG_WARN_ENUM_CONVERSION = YES;
				CLANG_WARN_INFINITE_RECURSION = YES;
				CLANG_WARN_INT_CONVERSION = YES;
				CLANG_WARN_NON_LITERAL_NULL_CONVERSION = YES;
				CLANG_WARN_OBJC_IMPLICIT_RETAIN_SELF = YES;
				CLANG_WARN_OBJC_LITERAL_CONVERSION = YES;
				CLANG_WARN_OBJC_ROOT_CLASS = YES_ERROR;
				CLANG_WARN_RANGE_LOOP_ANALYSIS = YES;
				CLANG_WARN_STRICT_PROTOTYPES = YES;
				CLANG_WARN_SUSPICIOUS_MOVE = YES;
				CLANG_WARN_UNGUARDED_AVAILABILITY = YES_AGGRESSIVE;
				CLANG_WARN_UNREACHABLE_CODE = YES;
				CLANG_WARN__DUPLICATE_METHOD_MATCH = YES;
				COPY_PHASE_STRIP = NO;
				DEBUG_INFORMATION_FORMAT = dwarf;
				ENABLE_STRICT_OBJC_MSGSEND = YES;
				ENABLE_TESTABILITY = YES;
				GCC_C_LANGUAGE_STANDARD = gnu11;
				GCC_DYNAMIC_NO_PIC = NO;
				GCC_NO_COMMON_BLOCKS = YES;
				GCC_OPTIMIZATION_LEVEL = 0;
				GCC_PREPROCESSOR_DEFINITIONS = (
					"DEBUG=1",
					"$(inherited)",
				);
				GCC_WARN_64_TO_32_BIT_CONVERSION = YES;
				GCC_WARN_ABOUT_RETURN_TYPE = YES_ERROR;
				GCC_WARN_UNDECLARED_SELECTOR = YES;
				GCC_WARN_UNINITIALIZED_AUTOS = YES_AGGRESSIVE;
				GCC_WARN_UNUSED_FUNCTION = YES;
				GCC_WARN_UNUSED_VARIABLE = YES;
				IPHONEOS_DEPLOYMENT_TARGET = 13.2;
				MTL_ENABLE_DEBUG_INFO = INCLUDE_SOURCE;
				MTL_FAST_MATH = YES;
				ONLY_ACTIVE_ARCH = YES;
				SDKROOT = iphoneos;
				SWIFT_ACTIVE_COMPILATION_CONDITIONS = DEBUG;
				SWIFT_OPTIMIZATION_LEVEL = "-Onone";
			};
			name = Debug;
		};
		BB7BD38A23A8086B00FE63BF /* Release */ = {
			isa = XCBuildConfiguration;
			buildSettings = {
				ALWAYS_SEARCH_USER_PATHS = NO;
				CLANG_ANALYZER_NONNULL = YES;
				CLANG_ANALYZER_NUMBER_OBJECT_CONVERSION = YES_AGGRESSIVE;
				CLANG_CXX_LANGUAGE_STANDARD = "gnu++14";
				CLANG_CXX_LIBRARY = "libc++";
				CLANG_ENABLE_MODULES = YES;
				CLANG_ENABLE_OBJC_ARC = YES;
				CLANG_ENABLE_OBJC_WEAK = YES;
				CLANG_WARN_BLOCK_CAPTURE_AUTORELEASING = YES;
				CLANG_WARN_BOOL_CONVERSION = YES;
				CLANG_WARN_COMMA = YES;
				CLANG_WARN_CONSTANT_CONVERSION = YES;
				CLANG_WARN_DEPRECATED_OBJC_IMPLEMENTATIONS = YES;
				CLANG_WARN_DIRECT_OBJC_ISA_USAGE = YES_ERROR;
				CLANG_WARN_DOCUMENTATION_COMMENTS = YES;
				CLANG_WARN_EMPTY_BODY = YES;
				CLANG_WARN_ENUM_CONVERSION = YES;
				CLANG_WARN_INFINITE_RECURSION = YES;
				CLANG_WARN_INT_CONVERSION = YES;
				CLANG_WARN_NON_LITERAL_NULL_CONVERSION = YES;
				CLANG_WARN_OBJC_IMPLICIT_RETAIN_SELF = YES;
				CLANG_WARN_OBJC_LITERAL_CONVERSION = YES;
				CLANG_WARN_OBJC_ROOT_CLASS = YES_ERROR;
				CLANG_WARN_RANGE_LOOP_ANALYSIS = YES;
				CLANG_WARN_STRICT_PROTOTYPES = YES;
				CLANG_WARN_SUSPICIOUS_MOVE = YES;
				CLANG_WARN_UNGUARDED_AVAILABILITY = YES_AGGRESSIVE;
				CLANG_WARN_UNREACHABLE_CODE = YES;
				CLANG_WARN__DUPLICATE_METHOD_MATCH = YES;
				COPY_PHASE_STRIP = NO;
				DEBUG_INFORMATION_FORMAT = "dwarf-with-dsym";
				ENABLE_NS_ASSERTIONS = NO;
				ENABLE_STRICT_OBJC_MSGSEND = YES;
				GCC_C_LANGUAGE_STANDARD = gnu11;
				GCC_NO_COMMON_BLOCKS = YES;
				GCC_WARN_64_TO_32_BIT_CONVERSION = YES;
				GCC_WARN_ABOUT_RETURN_TYPE = YES_ERROR;
				GCC_WARN_UNDECLARED_SELECTOR = YES;
				GCC_WARN_UNINITIALIZED_AUTOS = YES_AGGRESSIVE;
				GCC_WARN_UNUSED_FUNCTION = YES;
				GCC_WARN_UNUSED_VARIABLE = YES;
				IPHONEOS_DEPLOYMENT_TARGET = 13.2;
				MTL_ENABLE_DEBUG_INFO = NO;
				MTL_FAST_MATH = YES;
				SDKROOT = iphoneos;
				SWIFT_COMPILATION_MODE = wholemodule;
				SWIFT_OPTIMIZATION_LEVEL = "-O";
				VALIDATE_PRODUCT = YES;
			};
			name = Release;
		};
		BB7BD38C23A8086B00FE63BF /* Debug */ = {
			isa = XCBuildConfiguration;
			buildSettings = {
				ASSETCATALOG_COMPILER_APPICON_NAME = AppIcon;
				CODE_SIGN_STYLE = Automatic;
				DEVELOPMENT_ASSET_PATHS = "\"CoredataDeepStudy/Preview Content\"";
				ENABLE_PREVIEWS = YES;
				INFOPLIST_FILE = CoredataDeepStudy/Info.plist;
				LD_RUNPATH_SEARCH_PATHS = (
					"$(inherited)",
					"@executable_path/Frameworks",
				);
				PRODUCT_BUNDLE_IDENTIFIER = br.com.raphaelbarbosaqwerty.CoredataDeepStudy;
				PRODUCT_NAME = "$(TARGET_NAME)";
				SWIFT_VERSION = 5.0;
				TARGETED_DEVICE_FAMILY = "1,2";
			};
			name = Debug;
		};
		BB7BD38D23A8086B00FE63BF /* Release */ = {
			isa = XCBuildConfiguration;
			buildSettings = {
				ASSETCATALOG_COMPILER_APPICON_NAME = AppIcon;
				CODE_SIGN_STYLE = Automatic;
				DEVELOPMENT_ASSET_PATHS = "\"CoredataDeepStudy/Preview Content\"";
				ENABLE_PREVIEWS = YES;
				INFOPLIST_FILE = CoredataDeepStudy/Info.plist;
				LD_RUNPATH_SEARCH_PATHS = (
					"$(inherited)",
					"@executable_path/Frameworks",
				);
				PRODUCT_BUNDLE_IDENTIFIER = br.com.raphaelbarbosaqwerty.CoredataDeepStudy;
				PRODUCT_NAME = "$(TARGET_NAME)";
				SWIFT_VERSION = 5.0;
				TARGETED_DEVICE_FAMILY = "1,2";
			};
			name = Release;
		};
		BB7BD38F23A8086B00FE63BF /* Debug */ = {
			isa = XCBuildConfiguration;
			buildSettings = {
				ALWAYS_EMBED_SWIFT_STANDARD_LIBRARIES = YES;
				BUNDLE_LOADER = "$(TEST_HOST)";
				CODE_SIGN_STYLE = Automatic;
				INFOPLIST_FILE = CoredataDeepStudyTests/Info.plist;
				IPHONEOS_DEPLOYMENT_TARGET = 13.2;
				LD_RUNPATH_SEARCH_PATHS = (
					"$(inherited)",
					"@executable_path/Frameworks",
					"@loader_path/Frameworks",
				);
				PRODUCT_BUNDLE_IDENTIFIER = br.com.raphaelbarbosaqwerty.CoredataDeepStudyTests;
				PRODUCT_NAME = "$(TARGET_NAME)";
				SWIFT_VERSION = 5.0;
				TARGETED_DEVICE_FAMILY = "1,2";
				TEST_HOST = "$(BUILT_PRODUCTS_DIR)/CoredataDeepStudy.app/CoredataDeepStudy";
			};
			name = Debug;
		};
		BB7BD39023A8086B00FE63BF /* Release */ = {
			isa = XCBuildConfiguration;
			buildSettings = {
				ALWAYS_EMBED_SWIFT_STANDARD_LIBRARIES = YES;
				BUNDLE_LOADER = "$(TEST_HOST)";
				CODE_SIGN_STYLE = Automatic;
				INFOPLIST_FILE = CoredataDeepStudyTests/Info.plist;
				IPHONEOS_DEPLOYMENT_TARGET = 13.2;
				LD_RUNPATH_SEARCH_PATHS = (
					"$(inherited)",
					"@executable_path/Frameworks",
					"@loader_path/Frameworks",
				);
				PRODUCT_BUNDLE_IDENTIFIER = br.com.raphaelbarbosaqwerty.CoredataDeepStudyTests;
				PRODUCT_NAME = "$(TARGET_NAME)";
				SWIFT_VERSION = 5.0;
				TARGETED_DEVICE_FAMILY = "1,2";
				TEST_HOST = "$(BUILT_PRODUCTS_DIR)/CoredataDeepStudy.app/CoredataDeepStudy";
			};
			name = Release;
		};
/* End XCBuildConfiguration section */

/* Begin XCConfigurationList section */
		BB7BD36423A8086900FE63BF /* Build configuration list for PBXProject "CoredataDeepStudy" */ = {
			isa = XCConfigurationList;
			buildConfigurations = (
				BB7BD38923A8086B00FE63BF /* Debug */,
				BB7BD38A23A8086B00FE63BF /* Release */,
			);
			defaultConfigurationIsVisible = 0;
			defaultConfigurationName = Release;
		};
		BB7BD38B23A8086B00FE63BF /* Build configuration list for PBXNativeTarget "CoredataDeepStudy" */ = {
			isa = XCConfigurationList;
			buildConfigurations = (
				BB7BD38C23A8086B00FE63BF /* Debug */,
				BB7BD38D23A8086B00FE63BF /* Release */,
			);
			defaultConfigurationIsVisible = 0;
			defaultConfigurationName = Release;
		};
		BB7BD38E23A8086B00FE63BF /* Build configuration list for PBXNativeTarget "CoredataDeepStudyTests" */ = {
			isa = XCConfigurationList;
			buildConfigurations = (
				BB7BD38F23A8086B00FE63BF /* Debug */,
				BB7BD39023A8086B00FE63BF /* Release */,
			);
			defaultConfigurationIsVisible = 0;
			defaultConfigurationName = Release;
		};
/* End XCConfigurationList section */

/* Begin XCVersionGroup section */
		BB7BD37023A8086900FE63BF /* CoredataDeepStudy.xcdatamodeld */ = {
			isa = XCVersionGroup;
			children = (
				BB7BD37123A8086900FE63BF /* CoredataDeepStudy.xcdatamodel */,
			);
			currentVersion = BB7BD37123A8086900FE63BF /* CoredataDeepStudy.xcdatamodel */;
			path = CoredataDeepStudy.xcdatamodeld;
			sourceTree = "<group>";
			versionGroupType = wrapper.xcdatamodel;
		};
/* End XCVersionGroup section */
	};
	rootObject = BB7BD36123A8086900FE63BF /* Project object */;
}
