// !$*UTF8*$!
{
	archiveVersion = 1;
	classes = {
	};
	objectVersion = 50;
	objects = {

/* Begin PBXBuildFile section */
		BBD842D42395A18C0038CF56 /* AppDelegate.swift in Sources */ = {isa = PBXBuildFile; fileRef = BBD842D32395A18C0038CF56 /* AppDelegate.swift */; };
		BBD842D62395A18C0038CF56 /* SceneDelegate.swift in Sources */ = {isa = PBXBuildFile; fileRef = BBD842D52395A18C0038CF56 /* SceneDelegate.swift */; };
		BBD842DB2395A18C0038CF56 /* Main.storyboard in Resources */ = {isa = PBXBuildFile; fileRef = BBD842D92395A18C0038CF56 /* Main.storyboard */; };
		BBD842DE2395A18D0038CF56 /* tableviewcontroller.xcdatamodeld in Sources */ = {isa = PBXBuildFile; fileRef = BBD842DC2395A18C0038CF56 /* tableviewcontroller.xcdatamodeld */; };
		BBD842E02395A18D0038CF56 /* Assets.xcassets in Resources */ = {isa = PBXBuildFile; fileRef = BBD842DF2395A18D0038CF56 /* Assets.xcassets */; };
		BBD842E32395A18D0038CF56 /* LaunchScreen.storyboard in Resources */ = {isa = PBXBuildFile; fileRef = BBD842E12395A18D0038CF56 /* LaunchScreen.storyboard */; };
/* End PBXBuildFile section */

/* Begin PBXFileReference section */
		BBD842D02395A18C0038CF56 /* tableviewcontroller.app */ = {isa = PBXFileReference; explicitFileType = wrapper.application; includeInIndex = 0; path = tableviewcontroller.app; sourceTree = BUILT_PRODUCTS_DIR; };
		BBD842D32395A18C0038CF56 /* AppDelegate.swift */ = {isa = PBXFileReference; lastKnownFileType = sourcecode.swift; path = AppDelegate.swift; sourceTree = "<group>"; };
		BBD842D52395A18C0038CF56 /* SceneDelegate.swift */ = {isa = PBXFileReference; lastKnownFileType = sourcecode.swift; path = SceneDelegate.swift; sourceTree = "<group>"; };
		BBD842DA2395A18C0038CF56 /* Base */ = {isa = PBXFileReference; lastKnownFileType = file.storyboard; name = Base; path = Base.lproj/Main.storyboard; sourceTree = "<group>"; };
		BBD842DD2395A18C0038CF56 /* tableviewcontroller.xcdatamodel */ = {isa = PBXFileReference; lastKnownFileType = wrapper.xcdatamodel; path = tableviewcontroller.xcdatamodel; sourceTree = "<group>"; };
		BBD842DF2395A18D0038CF56 /* Assets.xcassets */ = {isa = PBXFileReference; lastKnownFileType = folder.assetcatalog; path = Assets.xcassets; sourceTree = "<group>"; };
		BBD842E22395A18D0038CF56 /* Base */ = {isa = PBXFileReference; lastKnownFileType = file.storyboard; name = Base; path = Base.lproj/LaunchScreen.storyboard; sourceTree = "<group>"; };
		BBD842E42395A18D0038CF56 /* Info.plist */ = {isa = PBXFileReference; lastKnownFileType = text.plist.xml; path = Info.plist; sourceTree = "<group>"; };
/* End PBXFileReference section */

/* Begin PBXFrameworksBuildPhase section */
		BBD842CD2395A18C0038CF56 /* Frameworks */ = {
			isa = PBXFrameworksBuildPhase;
			buildActionMask = 2147483647;
			files = (
			);
			runOnlyForDeploymentPostprocessing = 0;
		};
/* End PBXFrameworksBuildPhase section */

/* Begin PBXGroup section */
		BBD842C72395A18C0038CF56 = {
			isa = PBXGroup;
			children = (
				BBD842D22395A18C0038CF56 /* tableviewcontroller */,
				BBD842D12395A18C0038CF56 /* Products */,
			);
			sourceTree = "<group>";
		};
		BBD842D12395A18C0038CF56 /* Products */ = {
			isa = PBXGroup;
			children = (
				BBD842D02395A18C0038CF56 /* tableviewcontroller.app */,
			);
			name = Products;
			sourceTree = "<group>";
		};
		BBD842D22395A18C0038CF56 /* tableviewcontroller */ = {
			isa = PBXGroup;
			children = (
				BBD842D32395A18C0038CF56 /* AppDelegate.swift */,
				BBD842D52395A18C0038CF56 /* SceneDelegate.swift */,
				BBD842D92395A18C0038CF56 /* Main.storyboard */,
				BBD842DF2395A18D0038CF56 /* Assets.xcassets */,
				BBD842E12395A18D0038CF56 /* LaunchScreen.storyboard */,
				BBD842E42395A18D0038CF56 /* Info.plist */,
				BBD842DC2395A18C0038CF56 /* tableviewcontroller.xcdatamodeld */,
			);
			path = tableviewcontroller;
			sourceTree = "<group>";
		};
/* End PBXGroup section */

/* Begin PBXNativeTarget section */
		BBD842CF2395A18C0038CF56 /* tableviewcontroller */ = {
			isa = PBXNativeTarget;
			buildConfigurationList = BBD842E72395A18D0038CF56 /* Build configuration list for PBXNativeTarget "tableviewcontroller" */;
			buildPhases = (
				BBD842CC2395A18C0038CF56 /* Sources */,
				BBD842CD2395A18C0038CF56 /* Frameworks */,
				BBD842CE2395A18C0038CF56 /* Resources */,
			);
			buildRules = (
			);
			dependencies = (
			);
			name = tableviewcontroller;
			productName = tableviewcontroller;
			productReference = BBD842D02395A18C0038CF56 /* tableviewcontroller.app */;
			productType = "com.apple.product-type.application";
		};
/* End PBXNativeTarget section */

/* Begin PBXProject section */
		BBD842C82395A18C0038CF56 /* Project object */ = {
			isa = PBXProject;
			attributes = {
				LastSwiftUpdateCheck = 1120;
				LastUpgradeCheck = 1120;
				ORGANIZATIONNAME = Desenvolvimento;
				TargetAttributes = {
					BBD842CF2395A18C0038CF56 = {
						CreatedOnToolsVersion = 11.2.1;
					};
				};
			};
			buildConfigurationList = BBD842CB2395A18C0038CF56 /* Build configuration list for PBXProject "tableviewcontroller" */;
			compatibilityVersion = "Xcode 9.3";
			developmentRegion = en;
			hasScannedForEncodings = 0;
			knownRegions = (
				en,
				Base,
			);
			mainGroup = BBD842C72395A18C0038CF56;
			productRefGroup = BBD842D12395A18C0038CF56 /* Products */;
			projectDirPath = "";
			projectRoot = "";
			targets = (
				BBD842CF2395A18C0038CF56 /* tableviewcontroller */,
			);
		};
/* End PBXProject section */

/* Begin PBXResourcesBuildPhase section */
		BBD842CE2395A18C0038CF56 /* Resources */ = {
			isa = PBXResourcesBuildPhase;
			buildActionMask = 2147483647;
			files = (
				BBD842E32395A18D0038CF56 /* LaunchScreen.storyboard in Resources */,
				BBD842E02395A18D0038CF56 /* Assets.xcassets in Resources */,
				BBD842DB2395A18C0038CF56 /* Main.storyboard in Resources */,
			);
			runOnlyForDeploymentPostprocessing = 0;
		};
/* End PBXResourcesBuildPhase section */

/* Begin PBXSourcesBuildPhase section */
		BBD842CC2395A18C0038CF56 /* Sources */ = {
			isa = PBXSourcesBuildPhase;
			buildActionMask = 2147483647;
			files = (
				BBD842D42395A18C0038CF56 /* AppDelegate.swift in Sources */,
				BBD842DE2395A18D0038CF56 /* tableviewcontroller.xcdatamodeld in Sources */,
				BBD842D62395A18C0038CF56 /* SceneDelegate.swift in Sources */,
			);
			runOnlyForDeploymentPostprocessing = 0;
		};
/* End PBXSourcesBuildPhase section */

/* Begin PBXVariantGroup section */
		BBD842D92395A18C0038CF56 /* Main.storyboard */ = {
			isa = PBXVariantGroup;
			children = (
				BBD842DA2395A18C0038CF56 /* Base */,
			);
			name = Main.storyboard;
			sourceTree = "<group>";
		};
		BBD842E12395A18D0038CF56 /* LaunchScreen.storyboard */ = {
			isa = PBXVariantGroup;
			children = (
				BBD842E22395A18D0038CF56 /* Base */,
			);
			name = LaunchScreen.storyboard;
			sourceTree = "<group>";
		};
/* End PBXVariantGroup section */

/* Begin XCBuildConfiguration section */
		BBD842E52395A18D0038CF56 /* Debug */ = {
			isa = XCBuildConfiguration;
			buildSettings = {
				ALWAYS_SEARCH_USER_PATHS = NO;
				CLANG_ANALYZER_NONNULL = YES;
				CLANG_ANALYZER_NUMBER_OBJECT_CONVERSION = YES_AGGRESSIVE;
				CLANG_CXX_LANGUAGE_STANDARD = "gnu++14";
				CLANG_CXX_LIBRARY = "libc++";
				CLANG_ENABLE_MODULES = YES;
				CLANG_ENABLE_OBJC_ARC = YES;
				CLANG_ENABLE_OBJC_WEAK = YES;
				CLANG_WARN_BLOCK_CAPTURE_AUTORELEASING = YES;
				CLANG_WARN_BOOL_CONVERSION = YES;
				CLANG_WARN_COMMA = YES;
				CLANG_WARN_CONSTANT_CONVERSION = YES;
				CLANG_WARN_DEPRECATED_OBJC_IMPLEMENTATIONS = YES;
				CLANG_WARN_DIRECT_OBJC_ISA_USAGE = YES_ERROR;
				CLANG_WARN_DOCUMENTATION_COMMENTS = YES;
				CLANG_WARN_EMPTY_BODY = YES;
				CLANG_WARN_ENUM_CONVERSION = YES;
				CLANG_WARN_INFINITE_RECURSION = YES;
				CLANG_WARN_INT_CONVERSION = YES;
				CLANG_WARN_NON_LITERAL_NULL_CONVERSION = YES;
				CLANG_WARN_OBJC_IMPLICIT_RETAIN_SELF = YES;
				CLANG_WARN_OBJC_LITERAL_CONVERSION = YES;
				CLANG_WARN_OBJC_ROOT_CLASS = YES_ERROR;
				CLANG_WARN_RANGE_LOOP_ANALYSIS = YES;
				CLANG_WARN_STRICT_PROTOTYPES = YES;
				CLANG_WARN_SUSPICIOUS_MOVE = YES;
				CLANG_WARN_UNGUARDED_AVAILABILITY = YES_AGGRESSIVE;
				CLANG_WARN_UNREACHABLE_CODE = YES;
				CLANG_WARN__DUPLICATE_METHOD_MATCH = YES;
				COPY_PHASE_STRIP = NO;
				DEBUG_INFORMATION_FORMAT = dwarf;
				ENABLE_STRICT_OBJC_MSGSEND = YES;
				ENABLE_TESTABILITY = YES;
				GCC_C_LANGUAGE_STANDARD = gnu11;
				GCC_DYNAMIC_NO_PIC = NO;
				GCC_NO_COMMON_BLOCKS = YES;
				GCC_OPTIMIZATION_LEVEL = 0;
				GCC_PREPROCESSOR_DEFINITIONS = (
					"DEBUG=1",
					"$(inherited)",
				);
				GCC_WARN_64_TO_32_BIT_CONVERSION = YES;
				GCC_WARN_ABOUT_RETURN_TYPE = YES_ERROR;
				GCC_WARN_UNDECLARED_SELECTOR = YES;
				GCC_WARN_UNINITIALIZED_AUTOS = YES_AGGRESSIVE;
				GCC_WARN_UNUSED_FUNCTION = YES;
				GCC_WARN_UNUSED_VARIABLE = YES;
				IPHONEOS_DEPLOYMENT_TARGET = 13.2;
				MTL_ENABLE_DEBUG_INFO = INCLUDE_SOURCE;
				MTL_FAST_MATH = YES;
				ONLY_ACTIVE_ARCH = YES;
				SDKROOT = iphoneos;
				SWIFT_ACTIVE_COMPILATION_CONDITIONS = DEBUG;
				SWIFT_OPTIMIZATION_LEVEL = "-Onone";
			};
			name = Debug;
		};
		BBD842E62395A18D0038CF56 /* Release */ = {
			isa = XCBuildConfiguration;
			buildSettings = {
				ALWAYS_SEARCH_USER_PATHS = NO;
				CLANG_ANALYZER_NONNULL = YES;
				CLANG_ANALYZER_NUMBER_OBJECT_CONVERSION = YES_AGGRESSIVE;
				CLANG_CXX_LANGUAGE_STANDARD = "gnu++14";
				CLANG_CXX_LIBRARY = "libc++";
				CLANG_ENABLE_MODULES = YES;
				CLANG_ENABLE_OBJC_ARC = YES;
				CLANG_ENABLE_OBJC_WEAK = YES;
				CLANG_WARN_BLOCK_CAPTURE_AUTORELEASING = YES;
				CLANG_WARN_BOOL_CONVERSION = YES;
				CLANG_WARN_COMMA = YES;
				CLANG_WARN_CONSTANT_CONVERSION = YES;
				CLANG_WARN_DEPRECATED_OBJC_IMPLEMENTATIONS = YES;
				CLANG_WARN_DIRECT_OBJC_ISA_USAGE = YES_ERROR;
				CLANG_WARN_DOCUMENTATION_COMMENTS = YES;
				CLANG_WARN_EMPTY_BODY = YES;
				CLANG_WARN_ENUM_CONVERSION = YES;
				CLANG_WARN_INFINITE_RECURSION = YES;
				CLANG_WARN_INT_CONVERSION = YES;
				CLANG_WARN_NON_LITERAL_NULL_CONVERSION = YES;
				CLANG_WARN_OBJC_IMPLICIT_RETAIN_SELF = YES;
				CLANG_WARN_OBJC_LITERAL_CONVERSION = YES;
				CLANG_WARN_OBJC_ROOT_CLASS = YES_ERROR;
				CLANG_WARN_RANGE_LOOP_ANALYSIS = YES;
				CLANG_WARN_STRICT_PROTOTYPES = YES;
				CLANG_WARN_SUSPICIOUS_MOVE = YES;
				CLANG_WARN_UNGUARDED_AVAILABILITY = YES_AGGRESSIVE;
				CLANG_WARN_UNREACHABLE_CODE = YES;
				CLANG_WARN__DUPLICATE_METHOD_MATCH = YES;
				COPY_PHASE_STRIP = NO;
				DEBUG_INFORMATION_FORMAT = "dwarf-with-dsym";
				ENABLE_NS_ASSERTIONS = NO;
				ENABLE_STRICT_OBJC_MSGSEND = YES;
				GCC_C_LANGUAGE_STANDARD = gnu11;
				GCC_NO_COMMON_BLOCKS = YES;
				GCC_WARN_64_TO_32_BIT_CONVERSION = YES;
				GCC_WARN_ABOUT_RETURN_TYPE = YES_ERROR;
				GCC_WARN_UNDECLARED_SELECTOR = YES;
				GCC_WARN_UNINITIALIZED_AUTOS = YES_AGGRESSIVE;
				GCC_WARN_UNUSED_FUNCTION = YES;
				GCC_WARN_UNUSED_VARIABLE = YES;
				IPHONEOS_DEPLOYMENT_TARGET = 13.2;
				MTL_ENABLE_DEBUG_INFO = NO;
				MTL_FAST_MATH = YES;
				SDKROOT = iphoneos;
				SWIFT_COMPILATION_MODE = wholemodule;
				SWIFT_OPTIMIZATION_LEVEL = "-O";
				VALIDATE_PRODUCT = YES;
			};
			name = Release;
		};
		BBD842E82395A18D0038CF56 /* Debug */ = {
			isa = XCBuildConfiguration;
			buildSettings = {
				ASSETCATALOG_COMPILER_APPICON_NAME = AppIcon;
				CODE_SIGN_STYLE = Automatic;
				INFOPLIST_FILE = tableviewcontroller/Info.plist;
				LD_RUNPATH_SEARCH_PATHS = (
					"$(inherited)",
					"@executable_path/Frameworks",
				);
				PRODUCT_BUNDLE_IDENTIFIER = br.com.raphaelbarbosa.tableviewcontroller;
				PRODUCT_NAME = "$(TARGET_NAME)";
				SWIFT_VERSION = 5.0;
				TARGETED_DEVICE_FAMILY = "1,2";
			};
			name = Debug;
		};
		BBD842E92395A18D0038CF56 /* Release */ = {
			isa = XCBuildConfiguration;
			buildSettings = {
				ASSETCATALOG_COMPILER_APPICON_NAME = AppIcon;
				CODE_SIGN_STYLE = Automatic;
				INFOPLIST_FILE = tableviewcontroller/Info.plist;
				LD_RUNPATH_SEARCH_PATHS = (
					"$(inherited)",
					"@executable_path/Frameworks",
				);
				PRODUCT_BUNDLE_IDENTIFIER = br.com.raphaelbarbosa.tableviewcontroller;
				PRODUCT_NAME = "$(TARGET_NAME)";
				SWIFT_VERSION = 5.0;
				TARGETED_DEVICE_FAMILY = "1,2";
			};
			name = Release;
		};
/* End XCBuildConfiguration section */

/* Begin XCConfigurationList section */
		BBD842CB2395A18C0038CF56 /* Build configuration list for PBXProject "tableviewcontroller" */ = {
			isa = XCConfigurationList;
			buildConfigurations = (
				BBD842E52395A18D0038CF56 /* Debug */,
				BBD842E62395A18D0038CF56 /* Release */,
			);
			defaultConfigurationIsVisible = 0;
			defaultConfigurationName = Release;
		};
		BBD842E72395A18D0038CF56 /* Build configuration list for PBXNativeTarget "tableviewcontroller" */ = {
			isa = XCConfigurationList;
			buildConfigurations = (
				BBD842E82395A18D0038CF56 /* Debug */,
				BBD842E92395A18D0038CF56 /* Release */,
			);
			defaultConfigurationIsVisible = 0;
			defaultConfigurationName = Release;
		};
/* End XCConfigurationList section */

/* Begin XCVersionGroup section */
		BBD842DC2395A18C0038CF56 /* tableviewcontroller.xcdatamodeld */ = {
			isa = XCVersionGroup;
			children = (
				BBD842DD2395A18C0038CF56 /* tableviewcontroller.xcdatamodel */,
			);
			currentVersion = BBD842DD2395A18C0038CF56 /* tableviewcontroller.xcdatamodel */;
			path = tableviewcontroller.xcdatamodeld;
			sourceTree = "<group>";
			versionGroupType = wrapper.xcdatamodel;
		};
/* End XCVersionGroup section */
	};
	rootObject = BBD842C82395A18C0038CF56 /* Project object */;
}
