// !$*UTF8*$!
{
	archiveVersion = 1;
	classes = {
	};
	objectVersion = 50;
	objects = {

/* Begin PBXBuildFile section */
		BB7BD43B23A81E6500FE63BF /* AppDelegate.swift in Sources */ = {isa = PBXBuildFile; fileRef = BB7BD43A23A81E6500FE63BF /* AppDelegate.swift */; };
		BB7BD43D23A81E6500FE63BF /* SceneDelegate.swift in Sources */ = {isa = PBXBuildFile; fileRef = BB7BD43C23A81E6500FE63BF /* SceneDelegate.swift */; };
		BB7BD44023A81E6500FE63BF /* CoredataRelationships.xcdatamodeld in Sources */ = {isa = PBXBuildFile; fileRef = BB7BD43E23A81E6500FE63BF /* CoredataRelationships.xcdatamodeld */; };
		BB7BD44223A81E6500FE63BF /* ContentView.swift in Sources */ = {isa = PBXBuildFile; fileRef = BB7BD44123A81E6500FE63BF /* ContentView.swift */; };
		BB7BD44423A81E6700FE63BF /* Assets.xcassets in Resources */ = {isa = PBXBuildFile; fileRef = BB7BD44323A81E6700FE63BF /* Assets.xcassets */; };
		BB7BD44723A81E6700FE63BF /* Preview Assets.xcassets in Resources */ = {isa = PBXBuildFile; fileRef = BB7BD44623A81E6700FE63BF /* Preview Assets.xcassets */; };
		BB7BD44A23A81E6700FE63BF /* LaunchScreen.storyboard in Resources */ = {isa = PBXBuildFile; fileRef = BB7BD44823A81E6700FE63BF /* LaunchScreen.storyboard */; };
		BB7BD45523A81E6700FE63BF /* CoredataRelationshipsTests.swift in Sources */ = {isa = PBXBuildFile; fileRef = BB7BD45423A81E6700FE63BF /* CoredataRelationshipsTests.swift */; };
		BB7BD46323A81F2700FE63BF /* Candy+CoreDataClass.swift in Sources */ = {isa = PBXBuildFile; fileRef = BB7BD45F23A81F2700FE63BF /* Candy+CoreDataClass.swift */; };
		BB7BD46423A81F2700FE63BF /* Candy+CoreDataProperties.swift in Sources */ = {isa = PBXBuildFile; fileRef = BB7BD46023A81F2700FE63BF /* Candy+CoreDataProperties.swift */; };
		BB7BD46523A81F2700FE63BF /* Country+CoreDataClass.swift in Sources */ = {isa = PBXBuildFile; fileRef = BB7BD46123A81F2700FE63BF /* Country+CoreDataClass.swift */; };
		BB7BD46623A81F2700FE63BF /* Country+CoreDataProperties.swift in Sources */ = {isa = PBXBuildFile; fileRef = BB7BD46223A81F2700FE63BF /* Country+CoreDataProperties.swift */; };
/* End PBXBuildFile section */

/* Begin PBXContainerItemProxy section */
		BB7BD45123A81E6700FE63BF /* PBXContainerItemProxy */ = {
			isa = PBXContainerItemProxy;
			containerPortal = BB7BD42F23A81E6500FE63BF /* Project object */;
			proxyType = 1;
			remoteGlobalIDString = BB7BD43623A81E6500FE63BF;
			remoteInfo = CoredataRelationships;
		};
/* End PBXContainerItemProxy section */

/* Begin PBXFileReference section */
		BB7BD43723A81E6500FE63BF /* CoredataRelationships.app */ = {isa = PBXFileReference; explicitFileType = wrapper.application; includeInIndex = 0; path = CoredataRelationships.app; sourceTree = BUILT_PRODUCTS_DIR; };
		BB7BD43A23A81E6500FE63BF /* AppDelegate.swift */ = {isa = PBXFileReference; lastKnownFileType = sourcecode.swift; path = AppDelegate.swift; sourceTree = "<group>"; };
		BB7BD43C23A81E6500FE63BF /* SceneDelegate.swift */ = {isa = PBXFileReference; lastKnownFileType = sourcecode.swift; path = SceneDelegate.swift; sourceTree = "<group>"; };
		BB7BD43F23A81E6500FE63BF /* CoredataRelationships.xcdatamodel */ = {isa = PBXFileReference; lastKnownFileType = wrapper.xcdatamodel; path = CoredataRelationships.xcdatamodel; sourceTree = "<group>"; };
		BB7BD44123A81E6500FE63BF /* ContentView.swift */ = {isa = PBXFileReference; lastKnownFileType = sourcecode.swift; path = ContentView.swift; sourceTree = "<group>"; };
		BB7BD44323A81E6700FE63BF /* Assets.xcassets */ = {isa = PBXFileReference; lastKnownFileType = folder.assetcatalog; path = Assets.xcassets; sourceTree = "<group>"; };
		BB7BD44623A81E6700FE63BF /* Preview Assets.xcassets */ = {isa = PBXFileReference; lastKnownFileType = folder.assetcatalog; path = "Preview Assets.xcassets"; sourceTree = "<group>"; };
		BB7BD44923A81E6700FE63BF /* Base */ = {isa = PBXFileReference; lastKnownFileType = file.storyboard; name = Base; path = Base.lproj/LaunchScreen.storyboard; sourceTree = "<group>"; };
		BB7BD44B23A81E6700FE63BF /* Info.plist */ = {isa = PBXFileReference; lastKnownFileType = text.plist.xml; path = Info.plist; sourceTree = "<group>"; };
		BB7BD45023A81E6700FE63BF /* CoredataRelationshipsTests.xctest */ = {isa = PBXFileReference; explicitFileType = wrapper.cfbundle; includeInIndex = 0; path = CoredataRelationshipsTests.xctest; sourceTree = BUILT_PRODUCTS_DIR; };
		BB7BD45423A81E6700FE63BF /* CoredataRelationshipsTests.swift */ = {isa = PBXFileReference; lastKnownFileType = sourcecode.swift; path = CoredataRelationshipsTests.swift; sourceTree = "<group>"; };
		BB7BD45623A81E6700FE63BF /* Info.plist */ = {isa = PBXFileReference; lastKnownFileType = text.plist.xml; path = Info.plist; sourceTree = "<group>"; };
		BB7BD45F23A81F2700FE63BF /* Candy+CoreDataClass.swift */ = {isa = PBXFileReference; lastKnownFileType = sourcecode.swift; path = "Candy+CoreDataClass.swift"; sourceTree = "<group>"; };
		BB7BD46023A81F2700FE63BF /* Candy+CoreDataProperties.swift */ = {isa = PBXFileReference; lastKnownFileType = sourcecode.swift; path = "Candy+CoreDataProperties.swift"; sourceTree = "<group>"; };
		BB7BD46123A81F2700FE63BF /* Country+CoreDataClass.swift */ = {isa = PBXFileReference; lastKnownFileType = sourcecode.swift; path = "Country+CoreDataClass.swift"; sourceTree = "<group>"; };
		BB7BD46223A81F2700FE63BF /* Country+CoreDataProperties.swift */ = {isa = PBXFileReference; lastKnownFileType = sourcecode.swift; path = "Country+CoreDataProperties.swift"; sourceTree = "<group>"; };
/* End PBXFileReference section */

/* Begin PBXFrameworksBuildPhase section */
		BB7BD43423A81E6500FE63BF /* Frameworks */ = {
			isa = PBXFrameworksBuildPhase;
			buildActionMask = 2147483647;
			files = (
			);
			runOnlyForDeploymentPostprocessing = 0;
		};
		BB7BD44D23A81E6700FE63BF /* Frameworks */ = {
			isa = PBXFrameworksBuildPhase;
			buildActionMask = 2147483647;
			files = (
			);
			runOnlyForDeploymentPostprocessing = 0;
		};
/* End PBXFrameworksBuildPhase section */

/* Begin PBXGroup section */
		BB7BD42E23A81E6500FE63BF = {
			isa = PBXGroup;
			children = (
				BB7BD43923A81E6500FE63BF /* CoredataRelationships */,
				BB7BD45323A81E6700FE63BF /* CoredataRelationshipsTests */,
				BB7BD43823A81E6500FE63BF /* Products */,
			);
			sourceTree = "<group>";
		};
		BB7BD43823A81E6500FE63BF /* Products */ = {
			isa = PBXGroup;
			children = (
				BB7BD43723A81E6500FE63BF /* CoredataRelationships.app */,
				BB7BD45023A81E6700FE63BF /* CoredataRelationshipsTests.xctest */,
			);
			name = Products;
			sourceTree = "<group>";
		};
		BB7BD43923A81E6500FE63BF /* CoredataRelationships */ = {
			isa = PBXGroup;
			children = (
				BB7BD45F23A81F2700FE63BF /* Candy+CoreDataClass.swift */,
				BB7BD46023A81F2700FE63BF /* Candy+CoreDataProperties.swift */,
				BB7BD46123A81F2700FE63BF /* Country+CoreDataClass.swift */,
				BB7BD46223A81F2700FE63BF /* Country+CoreDataProperties.swift */,
				BB7BD43A23A81E6500FE63BF /* AppDelegate.swift */,
				BB7BD43C23A81E6500FE63BF /* SceneDelegate.swift */,
				BB7BD44123A81E6500FE63BF /* ContentView.swift */,
				BB7BD44323A81E6700FE63BF /* Assets.xcassets */,
				BB7BD44823A81E6700FE63BF /* LaunchScreen.storyboard */,
				BB7BD44B23A81E6700FE63BF /* Info.plist */,
				BB7BD43E23A81E6500FE63BF /* CoredataRelationships.xcdatamodeld */,
				BB7BD44523A81E6700FE63BF /* Preview Content */,
			);
			path = CoredataRelationships;
			sourceTree = "<group>";
		};
		BB7BD44523A81E6700FE63BF /* Preview Content */ = {
			isa = PBXGroup;
			children = (
				BB7BD44623A81E6700FE63BF /* Preview Assets.xcassets */,
			);
			path = "Preview Content";
			sourceTree = "<group>";
		};
		BB7BD45323A81E6700FE63BF /* CoredataRelationshipsTests */ = {
			isa = PBXGroup;
			children = (
				BB7BD45423A81E6700FE63BF /* CoredataRelationshipsTests.swift */,
				BB7BD45623A81E6700FE63BF /* Info.plist */,
			);
			path = CoredataRelationshipsTests;
			sourceTree = "<group>";
		};
/* End PBXGroup section */

/* Begin PBXNativeTarget section */
		BB7BD43623A81E6500FE63BF /* CoredataRelationships */ = {
			isa = PBXNativeTarget;
			buildConfigurationList = BB7BD45923A81E6700FE63BF /* Build configuration list for PBXNativeTarget "CoredataRelationships" */;
			buildPhases = (
				BB7BD43323A81E6500FE63BF /* Sources */,
				BB7BD43423A81E6500FE63BF /* Frameworks */,
				BB7BD43523A81E6500FE63BF /* Resources */,
			);
			buildRules = (
			);
			dependencies = (
			);
			name = CoredataRelationships;
			productName = CoredataRelationships;
			productReference = BB7BD43723A81E6500FE63BF /* CoredataRelationships.app */;
			productType = "com.apple.product-type.application";
		};
		BB7BD44F23A81E6700FE63BF /* CoredataRelationshipsTests */ = {
			isa = PBXNativeTarget;
			buildConfigurationList = BB7BD45C23A81E6700FE63BF /* Build configuration list for PBXNativeTarget "CoredataRelationshipsTests" */;
			buildPhases = (
				BB7BD44C23A81E6700FE63BF /* Sources */,
				BB7BD44D23A81E6700FE63BF /* Frameworks */,
				BB7BD44E23A81E6700FE63BF /* Resources */,
			);
			buildRules = (
			);
			dependencies = (
				BB7BD45223A81E6700FE63BF /* PBXTargetDependency */,
			);
			name = CoredataRelationshipsTests;
			productName = CoredataRelationshipsTests;
			productReference = BB7BD45023A81E6700FE63BF /* CoredataRelationshipsTests.xctest */;
			productType = "com.apple.product-type.bundle.unit-test";
		};
/* End PBXNativeTarget section */

/* Begin PBXProject section */
		BB7BD42F23A81E6500FE63BF /* Project object */ = {
			isa = PBXProject;
			attributes = {
				LastSwiftUpdateCheck = 1120;
				LastUpgradeCheck = 1120;
				ORGANIZATIONNAME = "Raphael Barbosa";
				TargetAttributes = {
					BB7BD43623A81E6500FE63BF = {
						CreatedOnToolsVersion = 11.2.1;
					};
					BB7BD44F23A81E6700FE63BF = {
						CreatedOnToolsVersion = 11.2.1;
						TestTargetID = BB7BD43623A81E6500FE63BF;
					};
				};
			};
			buildConfigurationList = BB7BD43223A81E6500FE63BF /* Build configuration list for PBXProject "CoredataRelationships" */;
			compatibilityVersion = "Xcode 9.3";
			developmentRegion = en;
			hasScannedForEncodings = 0;
			knownRegions = (
				en,
				Base,
			);
			mainGroup = BB7BD42E23A81E6500FE63BF;
			productRefGroup = BB7BD43823A81E6500FE63BF /* Products */;
			projectDirPath = "";
			projectRoot = "";
			targets = (
				BB7BD43623A81E6500FE63BF /* CoredataRelationships */,
				BB7BD44F23A81E6700FE63BF /* CoredataRelationshipsTests */,
			);
		};
/* End PBXProject section */

/* Begin PBXResourcesBuildPhase section */
		BB7BD43523A81E6500FE63BF /* Resources */ = {
			isa = PBXResourcesBuildPhase;
			buildActionMask = 2147483647;
			files = (
				BB7BD44A23A81E6700FE63BF /* LaunchScreen.storyboard in Resources */,
				BB7BD44723A81E6700FE63BF /* Preview Assets.xcassets in Resources */,
				BB7BD44423A81E6700FE63BF /* Assets.xcassets in Resources */,
			);
			runOnlyForDeploymentPostprocessing = 0;
		};
		BB7BD44E23A81E6700FE63BF /* Resources */ = {
			isa = PBXResourcesBuildPhase;
			buildActionMask = 2147483647;
			files = (
			);
			runOnlyForDeploymentPostprocessing = 0;
		};
/* End PBXResourcesBuildPhase section */

/* Begin PBXSourcesBuildPhase section */
		BB7BD43323A81E6500FE63BF /* Sources */ = {
			isa = PBXSourcesBuildPhase;
			buildActionMask = 2147483647;
			files = (
				BB7BD43B23A81E6500FE63BF /* AppDelegate.swift in Sources */,
				BB7BD46323A81F2700FE63BF /* Candy+CoreDataClass.swift in Sources */,
				BB7BD43D23A81E6500FE63BF /* SceneDelegate.swift in Sources */,
				BB7BD46423A81F2700FE63BF /* Candy+CoreDataProperties.swift in Sources */,
				BB7BD46623A81F2700FE63BF /* Country+CoreDataProperties.swift in Sources */,
				BB7BD46523A81F2700FE63BF /* Country+CoreDataClass.swift in Sources */,
				BB7BD44223A81E6500FE63BF /* ContentView.swift in Sources */,
				BB7BD44023A81E6500FE63BF /* CoredataRelationships.xcdatamodeld in Sources */,
			);
			runOnlyForDeploymentPostprocessing = 0;
		};
		BB7BD44C23A81E6700FE63BF /* Sources */ = {
			isa = PBXSourcesBuildPhase;
			buildActionMask = 2147483647;
			files = (
				BB7BD45523A81E6700FE63BF /* CoredataRelationshipsTests.swift in Sources */,
			);
			runOnlyForDeploymentPostprocessing = 0;
		};
/* End PBXSourcesBuildPhase section */

/* Begin PBXTargetDependency section */
		BB7BD45223A81E6700FE63BF /* PBXTargetDependency */ = {
			isa = PBXTargetDependency;
			target = BB7BD43623A81E6500FE63BF /* CoredataRelationships */;
			targetProxy = BB7BD45123A81E6700FE63BF /* PBXContainerItemProxy */;
		};
/* End PBXTargetDependency section */

/* Begin PBXVariantGroup section */
		BB7BD44823A81E6700FE63BF /* LaunchScreen.storyboard */ = {
			isa = PBXVariantGroup;
			children = (
				BB7BD44923A81E6700FE63BF /* Base */,
			);
			name = LaunchScreen.storyboard;
			sourceTree = "<group>";
		};
/* End PBXVariantGroup section */

/* Begin XCBuildConfiguration section */
		BB7BD45723A81E6700FE63BF /* Debug */ = {
			isa = XCBuildConfiguration;
			buildSettings = {
				ALWAYS_SEARCH_USER_PATHS = NO;
				CLANG_ANALYZER_NONNULL = YES;
				CLANG_ANALYZER_NUMBER_OBJECT_CONVERSION = YES_AGGRESSIVE;
				CLANG_CXX_LANGUAGE_STANDARD = "gnu++14";
				CLANG_CXX_LIBRARY = "libc++";
				CLANG_ENABLE_MODULES = YES;
				CLANG_ENABLE_OBJC_ARC = YES;
				CLANG_ENABLE_OBJC_WEAK = YES;
				CLANG_WARN_BLOCK_CAPTURE_AUTORELEASING = YES;
				CLANG_WARN_BOOL_CONVERSION = YES;
				CLANG_WARN_COMMA = YES;
				CLANG_WARN_CONSTANT_CONVERSION = YES;
				CLANG_WARN_DEPRECATED_OBJC_IMPLEMENTATIONS = YES;
				CLANG_WARN_DIRECT_OBJC_ISA_USAGE = YES_ERROR;
				CLANG_WARN_DOCUMENTATION_COMMENTS = YES;
				CLANG_WARN_EMPTY_BODY = YES;
				CLANG_WARN_ENUM_CONVERSION = YES;
				CLANG_WARN_INFINITE_RECURSION = YES;
				CLANG_WARN_INT_CONVERSION = YES;
				CLANG_WARN_NON_LITERAL_NULL_CONVERSION = YES;
				CLANG_WARN_OBJC_IMPLICIT_RETAIN_SELF = YES;
				CLANG_WARN_OBJC_LITERAL_CONVERSION = YES;
				CLANG_WARN_OBJC_ROOT_CLASS = YES_ERROR;
				CLANG_WARN_RANGE_LOOP_ANALYSIS = YES;
				CLANG_WARN_STRICT_PROTOTYPES = YES;
				CLANG_WARN_SUSPICIOUS_MOVE = YES;
				CLANG_WARN_UNGUARDED_AVAILABILITY = YES_AGGRESSIVE;
				CLANG_WARN_UNREACHABLE_CODE = YES;
				CLANG_WARN__DUPLICATE_METHOD_MATCH = YES;
				COPY_PHASE_STRIP = NO;
				DEBUG_INFORMATION_FORMAT = dwarf;
				ENABLE_STRICT_OBJC_MSGSEND = YES;
				ENABLE_TESTABILITY = YES;
				GCC_C_LANGUAGE_STANDARD = gnu11;
				GCC_DYNAMIC_NO_PIC = NO;
				GCC_NO_COMMON_BLOCKS = YES;
				GCC_OPTIMIZATION_LEVEL = 0;
				GCC_PREPROCESSOR_DEFINITIONS = (
					"DEBUG=1",
					"$(inherited)",
				);
				GCC_WARN_64_TO_32_BIT_CONVERSION = YES;
				GCC_WARN_ABOUT_RETURN_TYPE = YES_ERROR;
				GCC_WARN_UNDECLARED_SELECTOR = YES;
				GCC_WARN_UNINITIALIZED_AUTOS = YES_AGGRESSIVE;
				GCC_WARN_UNUSED_FUNCTION = YES;
				GCC_WARN_UNUSED_VARIABLE = YES;
				IPHONEOS_DEPLOYMENT_TARGET = 13.2;
				MTL_ENABLE_DEBUG_INFO = INCLUDE_SOURCE;
				MTL_FAST_MATH = YES;
				ONLY_ACTIVE_ARCH = YES;
				SDKROOT = iphoneos;
				SWIFT_ACTIVE_COMPILATION_CONDITIONS = DEBUG;
				SWIFT_OPTIMIZATION_LEVEL = "-Onone";
			};
			name = Debug;
		};
		BB7BD45823A81E6700FE63BF /* Release */ = {
			isa = XCBuildConfiguration;
			buildSettings = {
				ALWAYS_SEARCH_USER_PATHS = NO;
				CLANG_ANALYZER_NONNULL = YES;
				CLANG_ANALYZER_NUMBER_OBJECT_CONVERSION = YES_AGGRESSIVE;
				CLANG_CXX_LANGUAGE_STANDARD = "gnu++14";
				CLANG_CXX_LIBRARY = "libc++";
				CLANG_ENABLE_MODULES = YES;
				CLANG_ENABLE_OBJC_ARC = YES;
				CLANG_ENABLE_OBJC_WEAK = YES;
				CLANG_WARN_BLOCK_CAPTURE_AUTORELEASING = YES;
				CLANG_WARN_BOOL_CONVERSION = YES;
				CLANG_WARN_COMMA = YES;
				CLANG_WARN_CONSTANT_CONVERSION = YES;
				CLANG_WARN_DEPRECATED_OBJC_IMPLEMENTATIONS = YES;
				CLANG_WARN_DIRECT_OBJC_ISA_USAGE = YES_ERROR;
				CLANG_WARN_DOCUMENTATION_COMMENTS = YES;
				CLANG_WARN_EMPTY_BODY = YES;
				CLANG_WARN_ENUM_CONVERSION = YES;
				CLANG_WARN_INFINITE_RECURSION = YES;
				CLANG_WARN_INT_CONVERSION = YES;
				CLANG_WARN_NON_LITERAL_NULL_CONVERSION = YES;
				CLANG_WARN_OBJC_IMPLICIT_RETAIN_SELF = YES;
				CLANG_WARN_OBJC_LITERAL_CONVERSION = YES;
				CLANG_WARN_OBJC_ROOT_CLASS = YES_ERROR;
				CLANG_WARN_RANGE_LOOP_ANALYSIS = YES;
				CLANG_WARN_STRICT_PROTOTYPES = YES;
				CLANG_WARN_SUSPICIOUS_MOVE = YES;
				CLANG_WARN_UNGUARDED_AVAILABILITY = YES_AGGRESSIVE;
				CLANG_WARN_UNREACHABLE_CODE = YES;
				CLANG_WARN__DUPLICATE_METHOD_MATCH = YES;
				COPY_PHASE_STRIP = NO;
				DEBUG_INFORMATION_FORMAT = "dwarf-with-dsym";
				ENABLE_NS_ASSERTIONS = NO;
				ENABLE_STRICT_OBJC_MSGSEND = YES;
				GCC_C_LANGUAGE_STANDARD = gnu11;
				GCC_NO_COMMON_BLOCKS = YES;
				GCC_WARN_64_TO_32_BIT_CONVERSION = YES;
				GCC_WARN_ABOUT_RETURN_TYPE = YES_ERROR;
				GCC_WARN_UNDECLARED_SELECTOR = YES;
				GCC_WARN_UNINITIALIZED_AUTOS = YES_AGGRESSIVE;
				GCC_WARN_UNUSED_FUNCTION = YES;
				GCC_WARN_UNUSED_VARIABLE = YES;
				IPHONEOS_DEPLOYMENT_TARGET = 13.2;
				MTL_ENABLE_DEBUG_INFO = NO;
				MTL_FAST_MATH = YES;
				SDKROOT = iphoneos;
				SWIFT_COMPILATION_MODE = wholemodule;
				SWIFT_OPTIMIZATION_LEVEL = "-O";
				VALIDATE_PRODUCT = YES;
			};
			name = Release;
		};
		BB7BD45A23A81E6700FE63BF /* Debug */ = {
			isa = XCBuildConfiguration;
			buildSettings = {
				ASSETCATALOG_COMPILER_APPICON_NAME = AppIcon;
				CODE_SIGN_STYLE = Automatic;
				DEVELOPMENT_ASSET_PATHS = "\"CoredataRelationships/Preview Content\"";
				ENABLE_PREVIEWS = YES;
				INFOPLIST_FILE = CoredataRelationships/Info.plist;
				LD_RUNPATH_SEARCH_PATHS = (
					"$(inherited)",
					"@executable_path/Frameworks",
				);
				PRODUCT_BUNDLE_IDENTIFIER = br.com.raphaelbarbosaqwerty.CoredataRelationships;
				PRODUCT_NAME = "$(TARGET_NAME)";
				SWIFT_VERSION = 5.0;
				TARGETED_DEVICE_FAMILY = "1,2";
			};
			name = Debug;
		};
		BB7BD45B23A81E6700FE63BF /* Release */ = {
			isa = XCBuildConfiguration;
			buildSettings = {
				ASSETCATALOG_COMPILER_APPICON_NAME = AppIcon;
				CODE_SIGN_STYLE = Automatic;
				DEVELOPMENT_ASSET_PATHS = "\"CoredataRelationships/Preview Content\"";
				ENABLE_PREVIEWS = YES;
				INFOPLIST_FILE = CoredataRelationships/Info.plist;
				LD_RUNPATH_SEARCH_PATHS = (
					"$(inherited)",
					"@executable_path/Frameworks",
				);
				PRODUCT_BUNDLE_IDENTIFIER = br.com.raphaelbarbosaqwerty.CoredataRelationships;
				PRODUCT_NAME = "$(TARGET_NAME)";
				SWIFT_VERSION = 5.0;
				TARGETED_DEVICE_FAMILY = "1,2";
			};
			name = Release;
		};
		BB7BD45D23A81E6700FE63BF /* Debug */ = {
			isa = XCBuildConfiguration;
			buildSettings = {
				ALWAYS_EMBED_SWIFT_STANDARD_LIBRARIES = YES;
				BUNDLE_LOADER = "$(TEST_HOST)";
				CODE_SIGN_STYLE = Automatic;
				INFOPLIST_FILE = CoredataRelationshipsTests/Info.plist;
				IPHONEOS_DEPLOYMENT_TARGET = 13.2;
				LD_RUNPATH_SEARCH_PATHS = (
					"$(inherited)",
					"@executable_path/Frameworks",
					"@loader_path/Frameworks",
				);
				PRODUCT_BUNDLE_IDENTIFIER = br.com.raphaelbarbosaqwerty.CoredataRelationshipsTests;
				PRODUCT_NAME = "$(TARGET_NAME)";
				SWIFT_VERSION = 5.0;
				TARGETED_DEVICE_FAMILY = "1,2";
				TEST_HOST = "$(BUILT_PRODUCTS_DIR)/CoredataRelationships.app/CoredataRelationships";
			};
			name = Debug;
		};
		BB7BD45E23A81E6700FE63BF /* Release */ = {
			isa = XCBuildConfiguration;
			buildSettings = {
				ALWAYS_EMBED_SWIFT_STANDARD_LIBRARIES = YES;
				BUNDLE_LOADER = "$(TEST_HOST)";
				CODE_SIGN_STYLE = Automatic;
				INFOPLIST_FILE = CoredataRelationshipsTests/Info.plist;
				IPHONEOS_DEPLOYMENT_TARGET = 13.2;
				LD_RUNPATH_SEARCH_PATHS = (
					"$(inherited)",
					"@executable_path/Frameworks",
					"@loader_path/Frameworks",
				);
				PRODUCT_BUNDLE_IDENTIFIER = br.com.raphaelbarbosaqwerty.CoredataRelationshipsTests;
				PRODUCT_NAME = "$(TARGET_NAME)";
				SWIFT_VERSION = 5.0;
				TARGETED_DEVICE_FAMILY = "1,2";
				TEST_HOST = "$(BUILT_PRODUCTS_DIR)/CoredataRelationships.app/CoredataRelationships";
			};
			name = Release;
		};
/* End XCBuildConfiguration section */

/* Begin XCConfigurationList section */
		BB7BD43223A81E6500FE63BF /* Build configuration list for PBXProject "CoredataRelationships" */ = {
			isa = XCConfigurationList;
			buildConfigurations = (
				BB7BD45723A81E6700FE63BF /* Debug */,
				BB7BD45823A81E6700FE63BF /* Release */,
			);
			defaultConfigurationIsVisible = 0;
			defaultConfigurationName = Release;
		};
		BB7BD45923A81E6700FE63BF /* Build configuration list for PBXNativeTarget "CoredataRelationships" */ = {
			isa = XCConfigurationList;
			buildConfigurations = (
				BB7BD45A23A81E6700FE63BF /* Debug */,
				BB7BD45B23A81E6700FE63BF /* Release */,
			);
			defaultConfigurationIsVisible = 0;
			defaultConfigurationName = Release;
		};
		BB7BD45C23A81E6700FE63BF /* Build configuration list for PBXNativeTarget "CoredataRelationshipsTests" */ = {
			isa = XCConfigurationList;
			buildConfigurations = (
				BB7BD45D23A81E6700FE63BF /* Debug */,
				BB7BD45E23A81E6700FE63BF /* Release */,
			);
			defaultConfigurationIsVisible = 0;
			defaultConfigurationName = Release;
		};
/* End XCConfigurationList section */

/* Begin XCVersionGroup section */
		BB7BD43E23A81E6500FE63BF /* CoredataRelationships.xcdatamodeld */ = {
			isa = XCVersionGroup;
			children = (
				BB7BD43F23A81E6500FE63BF /* CoredataRelationships.xcdatamodel */,
			);
			currentVersion = BB7BD43F23A81E6500FE63BF /* CoredataRelationships.xcdatamodel */;
			path = CoredataRelationships.xcdatamodeld;
			sourceTree = "<group>";
			versionGroupType = wrapper.xcdatamodel;
		};
/* End XCVersionGroup section */
	};
	rootObject = BB7BD42F23A81E6500FE63BF /* Project object */;
}
